// !$*UTF8*$!
{
	archiveVersion = 1;
	classes = {
	};
	objectVersion = 51;
	objects = {

/* Begin PBXBuildFile section */
		3995B35BD97C6E0CE08D3768 /* Pods_2ndGalleryApp.framework in Frameworks */ = {isa = PBXBuildFile; fileRef = DCD156A0326881F7F1C2AB21 /* Pods_2ndGalleryApp.framework */; };
		8E038F962673A32D000E56AC /* AddPhotoViewController.swift in Sources */ = {isa = PBXBuildFile; fileRef = 8E038F952673A32D000E56AC /* AddPhotoViewController.swift */; };
		8E038F9A2673A37F000E56AC /* ProfileViewController.swift in Sources */ = {isa = PBXBuildFile; fileRef = 8E038F992673A37F000E56AC /* ProfileViewController.swift */; };
		8E038FA12678F709000E56AC /* Statesments.swift in Sources */ = {isa = PBXBuildFile; fileRef = 8E038FA02678F709000E56AC /* Statesments.swift */; };
		8E038FA3267A1645000E56AC /* MainGalleryConfigurator.swift in Sources */ = {isa = PBXBuildFile; fileRef = 8E038FA2267A1645000E56AC /* MainGalleryConfigurator.swift */; };
		8E038FA6267A2019000E56AC /* FullImageInfoViewController.swift in Sources */ = {isa = PBXBuildFile; fileRef = 8E038FA5267A2019000E56AC /* FullImageInfoViewController.swift */; };
		8E038FA8267A2034000E56AC /* FullImageInfoPresenter.swift in Sources */ = {isa = PBXBuildFile; fileRef = 8E038FA7267A2034000E56AC /* FullImageInfoPresenter.swift */; };
		8E072972267205A90071FF46 /* AppDelegate.swift in Sources */ = {isa = PBXBuildFile; fileRef = 8E072971267205A90071FF46 /* AppDelegate.swift */; };
		8E072974267205A90071FF46 /* SceneDelegate.swift in Sources */ = {isa = PBXBuildFile; fileRef = 8E072973267205A90071FF46 /* SceneDelegate.swift */; };
		8E072976267205A90071FF46 /* StartViewController.swift in Sources */ = {isa = PBXBuildFile; fileRef = 8E072975267205A90071FF46 /* StartViewController.swift */; };
		8E072979267205A90071FF46 /* Main.storyboard in Resources */ = {isa = PBXBuildFile; fileRef = 8E072977267205A90071FF46 /* Main.storyboard */; };
		8E07297C267205A90071FF46 /* _ndGalleryApp.xcdatamodeld in Sources */ = {isa = PBXBuildFile; fileRef = 8E07297A267205A90071FF46 /* _ndGalleryApp.xcdatamodeld */; };
		8E072981267205AA0071FF46 /* LaunchScreen.storyboard in Resources */ = {isa = PBXBuildFile; fileRef = 8E07297F267205AA0071FF46 /* LaunchScreen.storyboard */; };
		8E07299526721D9A0071FF46 /* SignUp.storyboard in Resources */ = {isa = PBXBuildFile; fileRef = 8E07299426721D9A0071FF46 /* SignUp.storyboard */; };
		8E07299726721DB10071FF46 /* SignIn.storyboard in Resources */ = {isa = PBXBuildFile; fileRef = 8E07299626721DB10071FF46 /* SignIn.storyboard */; };
		8E0729992672424C0071FF46 /* SignInViewController.swift in Sources */ = {isa = PBXBuildFile; fileRef = 8E0729982672424C0071FF46 /* SignInViewController.swift */; };
		8E07299B2672511A0071FF46 /* SignInPresenter.swift in Sources */ = {isa = PBXBuildFile; fileRef = 8E07299A2672511A0071FF46 /* SignInPresenter.swift */; };
		8E07299D267255CC0071FF46 /* SignUpViewController.swift in Sources */ = {isa = PBXBuildFile; fileRef = 8E07299C267255CC0071FF46 /* SignUpViewController.swift */; };
		8E0729A0267257D90071FF46 /* MainGallery.storyboard in Resources */ = {isa = PBXBuildFile; fileRef = 8E07299F267257D90071FF46 /* MainGallery.storyboard */; };
		8E0729A626725BD20071FF46 /* MainGalleryViewController.swift in Sources */ = {isa = PBXBuildFile; fileRef = 8E0729A526725BD20071FF46 /* MainGalleryViewController.swift */; };
		8E0729AB26725C7F0071FF46 /* MainGalleryPresenterImp.swift in Sources */ = {isa = PBXBuildFile; fileRef = 8E0729AA26725C7F0071FF46 /* MainGalleryPresenterImp.swift */; };
		8E0729B126725D630071FF46 /* MainGalleryCollectionViewCell.swift in Sources */ = {isa = PBXBuildFile; fileRef = 8E0729AF26725D630071FF46 /* MainGalleryCollectionViewCell.swift */; };
		8E0729B226725D630071FF46 /* MainGalleryCollectionViewCell.xib in Resources */ = {isa = PBXBuildFile; fileRef = 8E0729B026725D630071FF46 /* MainGalleryCollectionViewCell.xib */; };
		8E0729B426725DD90071FF46 /* ImageEntities.swift in Sources */ = {isa = PBXBuildFile; fileRef = 8E0729B326725DD90071FF46 /* ImageEntities.swift */; };
		8E18C74826986045004EFC69 /* R.generated.swift in Sources */ = {isa = PBXBuildFile; fileRef = 8E18C74726986045004EFC69 /* R.generated.swift */; };
		8E18C74A2698644B004EFC69 /* AppDelegateExtension.swift in Sources */ = {isa = PBXBuildFile; fileRef = 8E18C7492698644B004EFC69 /* AppDelegateExtension.swift */; };
		8E18C74D269C3EED004EFC69 /* ALerts.swift in Sources */ = {isa = PBXBuildFile; fileRef = 8E18C74C269C3EED004EFC69 /* ALerts.swift */; };
		8E18C74F269C4AEE004EFC69 /* Errors.swift in Sources */ = {isa = PBXBuildFile; fileRef = 8E18C74E269C4AEE004EFC69 /* Errors.swift */; };
		8E18C751269C5683004EFC69 /* ProfileViewControllerExtensions.swift in Sources */ = {isa = PBXBuildFile; fileRef = 8E18C750269C5683004EFC69 /* ProfileViewControllerExtensions.swift */; };
		8E18C753269C568F004EFC69 /* ProfilePresenter.swift in Sources */ = {isa = PBXBuildFile; fileRef = 8E18C752269C568F004EFC69 /* ProfilePresenter.swift */; };
		8E18C755269C5697004EFC69 /* ProfileRouter.swift in Sources */ = {isa = PBXBuildFile; fileRef = 8E18C754269C5697004EFC69 /* ProfileRouter.swift */; };
		8E18C757269C56A2004EFC69 /* ProfileConfigurator.swift in Sources */ = {isa = PBXBuildFile; fileRef = 8E18C756269C56A2004EFC69 /* ProfileConfigurator.swift */; };
		8E18C759269C56E1004EFC69 /* ProfilePresenterImp.swift in Sources */ = {isa = PBXBuildFile; fileRef = 8E18C758269C56E1004EFC69 /* ProfilePresenterImp.swift */; };
		8E18C75C269C7EEB004EFC69 /* ProfileSettingsViewController.swift in Sources */ = {isa = PBXBuildFile; fileRef = 8E18C75B269C7EEB004EFC69 /* ProfileSettingsViewController.swift */; };
		8E18C75E269C7EFB004EFC69 /* ProfileSettings.storyboard in Resources */ = {isa = PBXBuildFile; fileRef = 8E18C75D269C7EFB004EFC69 /* ProfileSettings.storyboard */; };
		8E18C760269C7F15004EFC69 /* ProfileSettingsRouter.swift in Sources */ = {isa = PBXBuildFile; fileRef = 8E18C75F269C7F15004EFC69 /* ProfileSettingsRouter.swift */; };
		8E18C762269C7F22004EFC69 /* ProfileSettingsPresenter.swift in Sources */ = {isa = PBXBuildFile; fileRef = 8E18C761269C7F22004EFC69 /* ProfileSettingsPresenter.swift */; };
		8E18C764269C7F2D004EFC69 /* ProfileSettingPresenterImp.swift in Sources */ = {isa = PBXBuildFile; fileRef = 8E18C763269C7F2D004EFC69 /* ProfileSettingPresenterImp.swift */; };
		8E18C766269C7F3A004EFC69 /* ProfileSettingsConfigurator.swift in Sources */ = {isa = PBXBuildFile; fileRef = 8E18C765269C7F3A004EFC69 /* ProfileSettingsConfigurator.swift */; };
		8E26E681269733620002F82A /* SignInPresenterImp.swift in Sources */ = {isa = PBXBuildFile; fileRef = 8E26E680269733620002F82A /* SignInPresenterImp.swift */; };
		8E26E683269733D90002F82A /* SIgnInConfigurator.swift in Sources */ = {isa = PBXBuildFile; fileRef = 8E26E682269733D90002F82A /* SIgnInConfigurator.swift */; };
		8E26E6852697341A0002F82A /* SignInRouter.swift in Sources */ = {isa = PBXBuildFile; fileRef = 8E26E6842697341A0002F82A /* SignInRouter.swift */; };
		8E2DCF5526983CD2009FBC67 /* AuthInterceptor.swift in Sources */ = {isa = PBXBuildFile; fileRef = 8E2DCF5426983CD2009FBC67 /* AuthInterceptor.swift */; };
		8E41344D2692FBE700C69ECE /* DI.swift in Sources */ = {isa = PBXBuildFile; fileRef = 8E41344C2692FBE700C69ECE /* DI.swift */; };
		8E41344F269302B500C69ECE /* ApiBaseGateway.swift in Sources */ = {isa = PBXBuildFile; fileRef = 8E41344E269302B500C69ECE /* ApiBaseGateway.swift */; };
		8E413451269303E200C69ECE /* ApiAuthGateway.swift in Sources */ = {isa = PBXBuildFile; fileRef = 8E413450269303E200C69ECE /* ApiAuthGateway.swift */; };
		8E4134532693076600C69ECE /* ApiUserGateway.swift in Sources */ = {isa = PBXBuildFile; fileRef = 8E4134522693076600C69ECE /* ApiUserGateway.swift */; };
		8E4134572693182E00C69ECE /* ApiRegistrationGateway.swift in Sources */ = {isa = PBXBuildFile; fileRef = 8E4134562693182E00C69ECE /* ApiRegistrationGateway.swift */; };
		8E41345926931A8100C69ECE /* ApiGalleryPaginationGateway.swift in Sources */ = {isa = PBXBuildFile; fileRef = 8E41345826931A8100C69ECE /* ApiGalleryPaginationGateway.swift */; };
		8E41345D2693520200C69ECE /* SignUpRouter.swift in Sources */ = {isa = PBXBuildFile; fileRef = 8E41345C2693520200C69ECE /* SignUpRouter.swift */; };
		8E41345F26935F8B00C69ECE /* StartRouter.swift in Sources */ = {isa = PBXBuildFile; fileRef = 8E41345E26935F8B00C69ECE /* StartRouter.swift */; };
		8E41346126935FD200C69ECE /* StartConfigurator.swift in Sources */ = {isa = PBXBuildFile; fileRef = 8E41346026935FD200C69ECE /* StartConfigurator.swift */; };
		8E4134632693650800C69ECE /* SignUpConfigurator.swift in Sources */ = {isa = PBXBuildFile; fileRef = 8E4134622693650800C69ECE /* SignUpConfigurator.swift */; };
		8E4134662694493300C69ECE /* LocalSettings.swift in Sources */ = {isa = PBXBuildFile; fileRef = 8E4134652694493300C69ECE /* LocalSettings.swift */; };
		8E4134682694498400C69ECE /* UserDefaultsSettings.swift in Sources */ = {isa = PBXBuildFile; fileRef = 8E4134672694498400C69ECE /* UserDefaultsSettings.swift */; };
		8E41346A269465DE00C69ECE /* UserDefaultsKey.swift in Sources */ = {isa = PBXBuildFile; fileRef = 8E413469269465DE00C69ECE /* UserDefaultsKey.swift */; };
		8E41347F2695A24600C69ECE /* ExtendedResponseHandler.swift in Sources */ = {isa = PBXBuildFile; fileRef = 8E41347E2695A24600C69ECE /* ExtendedResponseHandler.swift */; };
		8E4134812695DC6200C69ECE /* MainGalleryPresenter.swift in Sources */ = {isa = PBXBuildFile; fileRef = 8E4134802695DC6200C69ECE /* MainGalleryPresenter.swift */; };
		8EAF7C49268477470048A936 /* Assets.xcassets in Resources */ = {isa = PBXBuildFile; fileRef = 8EAF7C48268477470048A936 /* Assets.xcassets */; };
		8EAF7C4B26849BFB0048A936 /* TokenEntitiy.swift in Sources */ = {isa = PBXBuildFile; fileRef = 8EAF7C4A26849BFB0048A936 /* TokenEntitiy.swift */; };
		8EAF7C4D26849C9B0048A936 /* PaginationEntity.swift in Sources */ = {isa = PBXBuildFile; fileRef = 8EAF7C4C26849C9B0048A936 /* PaginationEntity.swift */; };
		8EAF7C4F26849DCE0048A936 /* CheckUserEntity.swift in Sources */ = {isa = PBXBuildFile; fileRef = 8EAF7C4E26849DCE0048A936 /* CheckUserEntity.swift */; };
		8EAF7C5126849FC50048A936 /* UserEntity.swift in Sources */ = {isa = PBXBuildFile; fileRef = 8EAF7C5026849FC50048A936 /* UserEntity.swift */; };
		8EAF7C532684BCCF0048A936 /* Settings.swift in Sources */ = {isa = PBXBuildFile; fileRef = 8EAF7C522684BCCF0048A936 /* Settings.swift */; };
		8EAF7C562684BE900048A936 /* AuthUseCase.swift in Sources */ = {isa = PBXBuildFile; fileRef = 8EAF7C552684BE900048A936 /* AuthUseCase.swift */; };
		8EAF7C582684BEB40048A936 /* AuthUseCaseImp.swift in Sources */ = {isa = PBXBuildFile; fileRef = 8EAF7C572684BEB40048A936 /* AuthUseCaseImp.swift */; };
		8EAF7C5A2684BED20048A936 /* AuthUseCaseEnum.swift in Sources */ = {isa = PBXBuildFile; fileRef = 8EAF7C592684BED20048A936 /* AuthUseCaseEnum.swift */; };
		8EAF7C5F2684C90C0048A936 /* UserUseCase.swift in Sources */ = {isa = PBXBuildFile; fileRef = 8EAF7C5E2684C90C0048A936 /* UserUseCase.swift */; };
		8EAF7C612684C9310048A936 /* UserUseCaseImp.swift in Sources */ = {isa = PBXBuildFile; fileRef = 8EAF7C602684C9310048A936 /* UserUseCaseImp.swift */; };
		8EAF7C632684CBBD0048A936 /* UserGateway.swift in Sources */ = {isa = PBXBuildFile; fileRef = 8EAF7C622684CBBD0048A936 /* UserGateway.swift */; };
		8EAF7C67268613DB0048A936 /* AuthGateway.swift in Sources */ = {isa = PBXBuildFile; fileRef = 8EAF7C66268613DB0048A936 /* AuthGateway.swift */; };
		8EAF7C6A2689C23E0048A936 /* SignUpEntity.swift in Sources */ = {isa = PBXBuildFile; fileRef = 8EAF7C692689C23E0048A936 /* SignUpEntity.swift */; };
		8EAF7C6D268B16DD0048A936 /* RegistrationUseCase.swift in Sources */ = {isa = PBXBuildFile; fileRef = 8EAF7C6C268B16DD0048A936 /* RegistrationUseCase.swift */; };
		8EAF7C6F268B18710048A936 /* RegistrationUseCaseImp.swift in Sources */ = {isa = PBXBuildFile; fileRef = 8EAF7C6E268B18710048A936 /* RegistrationUseCaseImp.swift */; };
		8EAF7C71268B18DD0048A936 /* RegistrationGateway.swift in Sources */ = {isa = PBXBuildFile; fileRef = 8EAF7C70268B18DD0048A936 /* RegistrationGateway.swift */; };
		8EAF7C73268B1B840048A936 /* SignUpPresenter.swift in Sources */ = {isa = PBXBuildFile; fileRef = 8EAF7C72268B1B840048A936 /* SignUpPresenter.swift */; };
		8EAF7C76268B1BA40048A936 /* SignUpPresenterImp.swift in Sources */ = {isa = PBXBuildFile; fileRef = 8EAF7C75268B1BA40048A936 /* SignUpPresenterImp.swift */; };
		8EAF7C78268CAEF50048A936 /* Requests.swift in Sources */ = {isa = PBXBuildFile; fileRef = 8EAF7C77268CAEF50048A936 /* Requests.swift */; };
		8EAF7C7A268CAF1B0048A936 /* ExtendedApiRequest.swift in Sources */ = {isa = PBXBuildFile; fileRef = 8EAF7C79268CAF1B0048A936 /* ExtendedApiRequest.swift */; };
		8EAF7C7C268DBF670048A936 /* ApiEndPoint.swift in Sources */ = {isa = PBXBuildFile; fileRef = 8EAF7C7B268DBF670048A936 /* ApiEndPoint.swift */; };
		8EAF7C7E268DBFF20048A936 /* Config.swift in Sources */ = {isa = PBXBuildFile; fileRef = 8EAF7C7D268DBFF20048A936 /* Config.swift */; };
		8EAF7C81268F25040048A936 /* PaginationUseCase.swift in Sources */ = {isa = PBXBuildFile; fileRef = 8EAF7C80268F25040048A936 /* PaginationUseCase.swift */; };
		8EAF7C83268F26ED0048A936 /* PaginationUseCaseImp.swift in Sources */ = {isa = PBXBuildFile; fileRef = 8EAF7C82268F26ED0048A936 /* PaginationUseCaseImp.swift */; };
		8EAF7C87268F561E0048A936 /* GalleryPaginationGateway.swift in Sources */ = {isa = PBXBuildFile; fileRef = 8EAF7C86268F561E0048A936 /* GalleryPaginationGateway.swift */; };
		8EBA5C74267A3F6F00941513 /* MainGalleryRouter.swift in Sources */ = {isa = PBXBuildFile; fileRef = 8EBA5C73267A3F6F00941513 /* MainGalleryRouter.swift */; };
		8EBA5C79267B9E3700941513 /* FullImageInfoConfigurator.swift in Sources */ = {isa = PBXBuildFile; fileRef = 8EBA5C78267B9E3700941513 /* FullImageInfoConfigurator.swift */; };
		8EBA5C7B267B9E7D00941513 /* MainGalleryViewControllersExtensions.swift in Sources */ = {isa = PBXBuildFile; fileRef = 8EBA5C7A267B9E7D00941513 /* MainGalleryViewControllersExtensions.swift */; };
		8EBA5C7D267B9F5A00941513 /* FullImageInfo.storyboard in Resources */ = {isa = PBXBuildFile; fileRef = 8EBA5C7C267B9F5A00941513 /* FullImageInfo.storyboard */; };
		8EBA5C7F267BA15E00941513 /* ImageEntity.swift in Sources */ = {isa = PBXBuildFile; fileRef = 8EBA5C7E267BA15E00941513 /* ImageEntity.swift */; };
		8EBA5C81267BA18C00941513 /* ImageInfo.swift in Sources */ = {isa = PBXBuildFile; fileRef = 8EBA5C80267BA18C00941513 /* ImageInfo.swift */; };
/* End PBXBuildFile section */

/* Begin PBXFileReference section */
		8E038F952673A32D000E56AC /* AddPhotoViewController.swift */ = {isa = PBXFileReference; lastKnownFileType = sourcecode.swift; path = AddPhotoViewController.swift; sourceTree = "<group>"; };
		8E038F992673A37F000E56AC /* ProfileViewController.swift */ = {isa = PBXFileReference; lastKnownFileType = sourcecode.swift; path = ProfileViewController.swift; sourceTree = "<group>"; };
		8E038FA02678F709000E56AC /* Statesments.swift */ = {isa = PBXFileReference; lastKnownFileType = sourcecode.swift; path = Statesments.swift; sourceTree = "<group>"; };
		8E038FA2267A1645000E56AC /* MainGalleryConfigurator.swift */ = {isa = PBXFileReference; lastKnownFileType = sourcecode.swift; path = MainGalleryConfigurator.swift; sourceTree = "<group>"; };
		8E038FA5267A2019000E56AC /* FullImageInfoViewController.swift */ = {isa = PBXFileReference; lastKnownFileType = sourcecode.swift; path = FullImageInfoViewController.swift; sourceTree = "<group>"; };
		8E038FA7267A2034000E56AC /* FullImageInfoPresenter.swift */ = {isa = PBXFileReference; lastKnownFileType = sourcecode.swift; path = FullImageInfoPresenter.swift; sourceTree = "<group>"; };
		8E07296E267205A90071FF46 /* 2ndGalleryApp.app */ = {isa = PBXFileReference; explicitFileType = wrapper.application; includeInIndex = 0; path = 2ndGalleryApp.app; sourceTree = BUILT_PRODUCTS_DIR; };
		8E072971267205A90071FF46 /* AppDelegate.swift */ = {isa = PBXFileReference; lastKnownFileType = sourcecode.swift; path = AppDelegate.swift; sourceTree = "<group>"; };
		8E072973267205A90071FF46 /* SceneDelegate.swift */ = {isa = PBXFileReference; lastKnownFileType = sourcecode.swift; path = SceneDelegate.swift; sourceTree = "<group>"; };
		8E072975267205A90071FF46 /* StartViewController.swift */ = {isa = PBXFileReference; lastKnownFileType = sourcecode.swift; path = StartViewController.swift; sourceTree = "<group>"; };
		8E072978267205A90071FF46 /* Base */ = {isa = PBXFileReference; lastKnownFileType = file.storyboard; name = Base; path = Base.lproj/Main.storyboard; sourceTree = "<group>"; };
		8E07297B267205A90071FF46 /* _ndGalleryApp.xcdatamodel */ = {isa = PBXFileReference; lastKnownFileType = wrapper.xcdatamodel; path = _ndGalleryApp.xcdatamodel; sourceTree = "<group>"; };
		8E072980267205AA0071FF46 /* Base */ = {isa = PBXFileReference; lastKnownFileType = file.storyboard; name = Base; path = Base.lproj/LaunchScreen.storyboard; sourceTree = "<group>"; };
		8E072982267205AA0071FF46 /* Info.plist */ = {isa = PBXFileReference; lastKnownFileType = text.plist.xml; path = Info.plist; sourceTree = "<group>"; };
		8E07299426721D9A0071FF46 /* SignUp.storyboard */ = {isa = PBXFileReference; lastKnownFileType = file.storyboard; path = SignUp.storyboard; sourceTree = "<group>"; };
		8E07299626721DB10071FF46 /* SignIn.storyboard */ = {isa = PBXFileReference; lastKnownFileType = file.storyboard; path = SignIn.storyboard; sourceTree = "<group>"; };
		8E0729982672424C0071FF46 /* SignInViewController.swift */ = {isa = PBXFileReference; lastKnownFileType = sourcecode.swift; path = SignInViewController.swift; sourceTree = "<group>"; };
		8E07299A2672511A0071FF46 /* SignInPresenter.swift */ = {isa = PBXFileReference; lastKnownFileType = sourcecode.swift; path = SignInPresenter.swift; sourceTree = "<group>"; };
		8E07299C267255CC0071FF46 /* SignUpViewController.swift */ = {isa = PBXFileReference; lastKnownFileType = sourcecode.swift; path = SignUpViewController.swift; sourceTree = "<group>"; };
		8E07299F267257D90071FF46 /* MainGallery.storyboard */ = {isa = PBXFileReference; lastKnownFileType = file.storyboard; path = MainGallery.storyboard; sourceTree = "<group>"; };
		8E0729A526725BD20071FF46 /* MainGalleryViewController.swift */ = {isa = PBXFileReference; lastKnownFileType = sourcecode.swift; path = MainGalleryViewController.swift; sourceTree = "<group>"; };
		8E0729AA26725C7F0071FF46 /* MainGalleryPresenterImp.swift */ = {isa = PBXFileReference; lastKnownFileType = sourcecode.swift; path = MainGalleryPresenterImp.swift; sourceTree = "<group>"; };
		8E0729AF26725D630071FF46 /* MainGalleryCollectionViewCell.swift */ = {isa = PBXFileReference; lastKnownFileType = sourcecode.swift; path = MainGalleryCollectionViewCell.swift; sourceTree = "<group>"; };
		8E0729B026725D630071FF46 /* MainGalleryCollectionViewCell.xib */ = {isa = PBXFileReference; lastKnownFileType = file.xib; path = MainGalleryCollectionViewCell.xib; sourceTree = "<group>"; };
		8E0729B326725DD90071FF46 /* ImageEntities.swift */ = {isa = PBXFileReference; lastKnownFileType = sourcecode.swift; path = ImageEntities.swift; sourceTree = "<group>"; };
		8E18C74726986045004EFC69 /* R.generated.swift */ = {isa = PBXFileReference; fileEncoding = 4; lastKnownFileType = sourcecode.swift; name = R.generated.swift; path = 2ndGalleryApp/R.generated.swift; sourceTree = SOURCE_ROOT; };
		8E18C7492698644B004EFC69 /* AppDelegateExtension.swift */ = {isa = PBXFileReference; lastKnownFileType = sourcecode.swift; path = AppDelegateExtension.swift; sourceTree = "<group>"; };
		8E18C74C269C3EED004EFC69 /* ALerts.swift */ = {isa = PBXFileReference; lastKnownFileType = sourcecode.swift; path = ALerts.swift; sourceTree = "<group>"; };
		8E18C74E269C4AEE004EFC69 /* Errors.swift */ = {isa = PBXFileReference; lastKnownFileType = sourcecode.swift; path = Errors.swift; sourceTree = "<group>"; };
		8E18C750269C5683004EFC69 /* ProfileViewControllerExtensions.swift */ = {isa = PBXFileReference; lastKnownFileType = sourcecode.swift; path = ProfileViewControllerExtensions.swift; sourceTree = "<group>"; };
		8E18C752269C568F004EFC69 /* ProfilePresenter.swift */ = {isa = PBXFileReference; lastKnownFileType = sourcecode.swift; path = ProfilePresenter.swift; sourceTree = "<group>"; };
		8E18C754269C5697004EFC69 /* ProfileRouter.swift */ = {isa = PBXFileReference; lastKnownFileType = sourcecode.swift; path = ProfileRouter.swift; sourceTree = "<group>"; };
		8E18C756269C56A2004EFC69 /* ProfileConfigurator.swift */ = {isa = PBXFileReference; lastKnownFileType = sourcecode.swift; path = ProfileConfigurator.swift; sourceTree = "<group>"; };
		8E18C758269C56E1004EFC69 /* ProfilePresenterImp.swift */ = {isa = PBXFileReference; lastKnownFileType = sourcecode.swift; path = ProfilePresenterImp.swift; sourceTree = "<group>"; };
		8E18C75B269C7EEB004EFC69 /* ProfileSettingsViewController.swift */ = {isa = PBXFileReference; lastKnownFileType = sourcecode.swift; path = ProfileSettingsViewController.swift; sourceTree = "<group>"; };
		8E18C75D269C7EFB004EFC69 /* ProfileSettings.storyboard */ = {isa = PBXFileReference; lastKnownFileType = file.storyboard; path = ProfileSettings.storyboard; sourceTree = "<group>"; };
		8E18C75F269C7F15004EFC69 /* ProfileSettingsRouter.swift */ = {isa = PBXFileReference; lastKnownFileType = sourcecode.swift; path = ProfileSettingsRouter.swift; sourceTree = "<group>"; };
		8E18C761269C7F22004EFC69 /* ProfileSettingsPresenter.swift */ = {isa = PBXFileReference; lastKnownFileType = sourcecode.swift; path = ProfileSettingsPresenter.swift; sourceTree = "<group>"; };
		8E18C763269C7F2D004EFC69 /* ProfileSettingPresenterImp.swift */ = {isa = PBXFileReference; lastKnownFileType = sourcecode.swift; path = ProfileSettingPresenterImp.swift; sourceTree = "<group>"; };
		8E18C765269C7F3A004EFC69 /* ProfileSettingsConfigurator.swift */ = {isa = PBXFileReference; lastKnownFileType = sourcecode.swift; path = ProfileSettingsConfigurator.swift; sourceTree = "<group>"; };
		8E26E680269733620002F82A /* SignInPresenterImp.swift */ = {isa = PBXFileReference; lastKnownFileType = sourcecode.swift; path = SignInPresenterImp.swift; sourceTree = "<group>"; };
		8E26E682269733D90002F82A /* SIgnInConfigurator.swift */ = {isa = PBXFileReference; lastKnownFileType = sourcecode.swift; path = SIgnInConfigurator.swift; sourceTree = "<group>"; };
		8E26E6842697341A0002F82A /* SignInRouter.swift */ = {isa = PBXFileReference; lastKnownFileType = sourcecode.swift; path = SignInRouter.swift; sourceTree = "<group>"; };
		8E2DCF5426983CD2009FBC67 /* AuthInterceptor.swift */ = {isa = PBXFileReference; lastKnownFileType = sourcecode.swift; path = AuthInterceptor.swift; sourceTree = "<group>"; };
		8E41344C2692FBE700C69ECE /* DI.swift */ = {isa = PBXFileReference; lastKnownFileType = sourcecode.swift; path = DI.swift; sourceTree = "<group>"; };
		8E41344E269302B500C69ECE /* ApiBaseGateway.swift */ = {isa = PBXFileReference; lastKnownFileType = sourcecode.swift; path = ApiBaseGateway.swift; sourceTree = "<group>"; };
		8E413450269303E200C69ECE /* ApiAuthGateway.swift */ = {isa = PBXFileReference; lastKnownFileType = sourcecode.swift; path = ApiAuthGateway.swift; sourceTree = "<group>"; };
		8E4134522693076600C69ECE /* ApiUserGateway.swift */ = {isa = PBXFileReference; lastKnownFileType = sourcecode.swift; path = ApiUserGateway.swift; sourceTree = "<group>"; };
		8E4134562693182E00C69ECE /* ApiRegistrationGateway.swift */ = {isa = PBXFileReference; lastKnownFileType = sourcecode.swift; path = ApiRegistrationGateway.swift; sourceTree = "<group>"; };
		8E41345826931A8100C69ECE /* ApiGalleryPaginationGateway.swift */ = {isa = PBXFileReference; lastKnownFileType = sourcecode.swift; path = ApiGalleryPaginationGateway.swift; sourceTree = "<group>"; };
		8E41345C2693520200C69ECE /* SignUpRouter.swift */ = {isa = PBXFileReference; lastKnownFileType = sourcecode.swift; path = SignUpRouter.swift; sourceTree = "<group>"; };
		8E41345E26935F8B00C69ECE /* StartRouter.swift */ = {isa = PBXFileReference; lastKnownFileType = sourcecode.swift; path = StartRouter.swift; sourceTree = "<group>"; };
		8E41346026935FD200C69ECE /* StartConfigurator.swift */ = {isa = PBXFileReference; lastKnownFileType = sourcecode.swift; path = StartConfigurator.swift; sourceTree = "<group>"; };
		8E4134622693650800C69ECE /* SignUpConfigurator.swift */ = {isa = PBXFileReference; lastKnownFileType = sourcecode.swift; path = SignUpConfigurator.swift; sourceTree = "<group>"; };
		8E4134652694493300C69ECE /* LocalSettings.swift */ = {isa = PBXFileReference; lastKnownFileType = sourcecode.swift; path = LocalSettings.swift; sourceTree = "<group>"; };
		8E4134672694498400C69ECE /* UserDefaultsSettings.swift */ = {isa = PBXFileReference; lastKnownFileType = sourcecode.swift; path = UserDefaultsSettings.swift; sourceTree = "<group>"; };
		8E413469269465DE00C69ECE /* UserDefaultsKey.swift */ = {isa = PBXFileReference; lastKnownFileType = sourcecode.swift; path = UserDefaultsKey.swift; sourceTree = "<group>"; };
		8E41347E2695A24600C69ECE /* ExtendedResponseHandler.swift */ = {isa = PBXFileReference; lastKnownFileType = sourcecode.swift; path = ExtendedResponseHandler.swift; sourceTree = "<group>"; };
		8E4134802695DC6200C69ECE /* MainGalleryPresenter.swift */ = {isa = PBXFileReference; lastKnownFileType = sourcecode.swift; path = MainGalleryPresenter.swift; sourceTree = "<group>"; };
		8EAF7C48268477470048A936 /* Assets.xcassets */ = {isa = PBXFileReference; lastKnownFileType = folder.assetcatalog; name = Assets.xcassets; path = ../Assets.xcassets; sourceTree = "<group>"; };
		8EAF7C4A26849BFB0048A936 /* TokenEntitiy.swift */ = {isa = PBXFileReference; lastKnownFileType = sourcecode.swift; path = TokenEntitiy.swift; sourceTree = "<group>"; };
		8EAF7C4C26849C9B0048A936 /* PaginationEntity.swift */ = {isa = PBXFileReference; lastKnownFileType = sourcecode.swift; path = PaginationEntity.swift; sourceTree = "<group>"; };
		8EAF7C4E26849DCE0048A936 /* CheckUserEntity.swift */ = {isa = PBXFileReference; lastKnownFileType = sourcecode.swift; path = CheckUserEntity.swift; sourceTree = "<group>"; };
		8EAF7C5026849FC50048A936 /* UserEntity.swift */ = {isa = PBXFileReference; lastKnownFileType = sourcecode.swift; path = UserEntity.swift; sourceTree = "<group>"; };
		8EAF7C522684BCCF0048A936 /* Settings.swift */ = {isa = PBXFileReference; lastKnownFileType = sourcecode.swift; path = Settings.swift; sourceTree = "<group>"; };
		8EAF7C552684BE900048A936 /* AuthUseCase.swift */ = {isa = PBXFileReference; lastKnownFileType = sourcecode.swift; path = AuthUseCase.swift; sourceTree = "<group>"; };
		8EAF7C572684BEB40048A936 /* AuthUseCaseImp.swift */ = {isa = PBXFileReference; lastKnownFileType = sourcecode.swift; path = AuthUseCaseImp.swift; sourceTree = "<group>"; };
		8EAF7C592684BED20048A936 /* AuthUseCaseEnum.swift */ = {isa = PBXFileReference; lastKnownFileType = sourcecode.swift; path = AuthUseCaseEnum.swift; sourceTree = "<group>"; };
		8EAF7C5E2684C90C0048A936 /* UserUseCase.swift */ = {isa = PBXFileReference; lastKnownFileType = sourcecode.swift; path = UserUseCase.swift; sourceTree = "<group>"; };
		8EAF7C602684C9310048A936 /* UserUseCaseImp.swift */ = {isa = PBXFileReference; lastKnownFileType = sourcecode.swift; path = UserUseCaseImp.swift; sourceTree = "<group>"; };
		8EAF7C622684CBBD0048A936 /* UserGateway.swift */ = {isa = PBXFileReference; lastKnownFileType = sourcecode.swift; path = UserGateway.swift; sourceTree = "<group>"; };
		8EAF7C66268613DB0048A936 /* AuthGateway.swift */ = {isa = PBXFileReference; lastKnownFileType = sourcecode.swift; path = AuthGateway.swift; sourceTree = "<group>"; };
		8EAF7C692689C23E0048A936 /* SignUpEntity.swift */ = {isa = PBXFileReference; lastKnownFileType = sourcecode.swift; path = SignUpEntity.swift; sourceTree = "<group>"; };
		8EAF7C6C268B16DD0048A936 /* RegistrationUseCase.swift */ = {isa = PBXFileReference; lastKnownFileType = sourcecode.swift; path = RegistrationUseCase.swift; sourceTree = "<group>"; };
		8EAF7C6E268B18710048A936 /* RegistrationUseCaseImp.swift */ = {isa = PBXFileReference; lastKnownFileType = sourcecode.swift; path = RegistrationUseCaseImp.swift; sourceTree = "<group>"; };
		8EAF7C70268B18DD0048A936 /* RegistrationGateway.swift */ = {isa = PBXFileReference; lastKnownFileType = sourcecode.swift; path = RegistrationGateway.swift; sourceTree = "<group>"; };
		8EAF7C72268B1B840048A936 /* SignUpPresenter.swift */ = {isa = PBXFileReference; lastKnownFileType = sourcecode.swift; path = SignUpPresenter.swift; sourceTree = "<group>"; };
		8EAF7C75268B1BA40048A936 /* SignUpPresenterImp.swift */ = {isa = PBXFileReference; lastKnownFileType = sourcecode.swift; path = SignUpPresenterImp.swift; sourceTree = "<group>"; };
		8EAF7C77268CAEF50048A936 /* Requests.swift */ = {isa = PBXFileReference; lastKnownFileType = sourcecode.swift; path = Requests.swift; sourceTree = "<group>"; };
		8EAF7C79268CAF1B0048A936 /* ExtendedApiRequest.swift */ = {isa = PBXFileReference; lastKnownFileType = sourcecode.swift; path = ExtendedApiRequest.swift; sourceTree = "<group>"; };
		8EAF7C7B268DBF670048A936 /* ApiEndPoint.swift */ = {isa = PBXFileReference; lastKnownFileType = sourcecode.swift; path = ApiEndPoint.swift; sourceTree = "<group>"; };
		8EAF7C7D268DBFF20048A936 /* Config.swift */ = {isa = PBXFileReference; lastKnownFileType = sourcecode.swift; path = Config.swift; sourceTree = "<group>"; };
		8EAF7C80268F25040048A936 /* PaginationUseCase.swift */ = {isa = PBXFileReference; lastKnownFileType = sourcecode.swift; path = PaginationUseCase.swift; sourceTree = "<group>"; };
		8EAF7C82268F26ED0048A936 /* PaginationUseCaseImp.swift */ = {isa = PBXFileReference; lastKnownFileType = sourcecode.swift; path = PaginationUseCaseImp.swift; sourceTree = "<group>"; };
		8EAF7C86268F561E0048A936 /* GalleryPaginationGateway.swift */ = {isa = PBXFileReference; lastKnownFileType = sourcecode.swift; path = GalleryPaginationGateway.swift; sourceTree = "<group>"; };
		8EBA5C73267A3F6F00941513 /* MainGalleryRouter.swift */ = {isa = PBXFileReference; lastKnownFileType = sourcecode.swift; path = MainGalleryRouter.swift; sourceTree = "<group>"; };
		8EBA5C78267B9E3700941513 /* FullImageInfoConfigurator.swift */ = {isa = PBXFileReference; lastKnownFileType = sourcecode.swift; path = FullImageInfoConfigurator.swift; sourceTree = "<group>"; };
		8EBA5C7A267B9E7D00941513 /* MainGalleryViewControllersExtensions.swift */ = {isa = PBXFileReference; lastKnownFileType = sourcecode.swift; path = MainGalleryViewControllersExtensions.swift; sourceTree = "<group>"; };
		8EBA5C7C267B9F5A00941513 /* FullImageInfo.storyboard */ = {isa = PBXFileReference; lastKnownFileType = file.storyboard; path = FullImageInfo.storyboard; sourceTree = "<group>"; };
		8EBA5C7E267BA15E00941513 /* ImageEntity.swift */ = {isa = PBXFileReference; lastKnownFileType = sourcecode.swift; path = ImageEntity.swift; sourceTree = "<group>"; };
		8EBA5C80267BA18C00941513 /* ImageInfo.swift */ = {isa = PBXFileReference; lastKnownFileType = sourcecode.swift; path = ImageInfo.swift; sourceTree = "<group>"; };
		9206CE3D7715C6BB084FBA8A /* Pods-2ndGalleryApp.release.xcconfig */ = {isa = PBXFileReference; includeInIndex = 1; lastKnownFileType = text.xcconfig; name = "Pods-2ndGalleryApp.release.xcconfig"; path = "Target Support Files/Pods-2ndGalleryApp/Pods-2ndGalleryApp.release.xcconfig"; sourceTree = "<group>"; };
		9BC37D1F5DF6E728801FFD7C /* Pods-2ndGalleryApp.debug.xcconfig */ = {isa = PBXFileReference; includeInIndex = 1; lastKnownFileType = text.xcconfig; name = "Pods-2ndGalleryApp.debug.xcconfig"; path = "Target Support Files/Pods-2ndGalleryApp/Pods-2ndGalleryApp.debug.xcconfig"; sourceTree = "<group>"; };
		DCD156A0326881F7F1C2AB21 /* Pods_2ndGalleryApp.framework */ = {isa = PBXFileReference; explicitFileType = wrapper.framework; includeInIndex = 0; path = Pods_2ndGalleryApp.framework; sourceTree = BUILT_PRODUCTS_DIR; };
/* End PBXFileReference section */

/* Begin PBXFrameworksBuildPhase section */
		8E07296B267205A90071FF46 /* Frameworks */ = {
			isa = PBXFrameworksBuildPhase;
			buildActionMask = 2147483647;
			files = (
				3995B35BD97C6E0CE08D3768 /* Pods_2ndGalleryApp.framework in Frameworks */,
			);
			runOnlyForDeploymentPostprocessing = 0;
		};
/* End PBXFrameworksBuildPhase section */

/* Begin PBXGroup section */
		1927396C30BA5B890A1F5BFA /* Frameworks */ = {
			isa = PBXGroup;
			children = (
				DCD156A0326881F7F1C2AB21 /* Pods_2ndGalleryApp.framework */,
			);
			name = Frameworks;
			sourceTree = "<group>";
		};
		595EC36717DED05754E5053F /* Pods */ = {
			isa = PBXGroup;
			children = (
				9BC37D1F5DF6E728801FFD7C /* Pods-2ndGalleryApp.debug.xcconfig */,
				9206CE3D7715C6BB084FBA8A /* Pods-2ndGalleryApp.release.xcconfig */,
			);
			path = Pods;
			sourceTree = "<group>";
		};
		8E038F9D2678EE32000E56AC /* Gateway */ = {
			isa = PBXGroup;
			children = (
				8EAF7C522684BCCF0048A936 /* Settings.swift */,
				8EAF7C86268F561E0048A936 /* GalleryPaginationGateway.swift */,
				8EAF7C70268B18DD0048A936 /* RegistrationGateway.swift */,
				8EAF7C66268613DB0048A936 /* AuthGateway.swift */,
				8EAF7C622684CBBD0048A936 /* UserGateway.swift */,
			);
			path = Gateway;
			sourceTree = "<group>";
		};
		8E038FA4267A1FF2000E56AC /* FullImageInfo */ = {
			isa = PBXGroup;
			children = (
				8E038FA5267A2019000E56AC /* FullImageInfoViewController.swift */,
				8E038FA7267A2034000E56AC /* FullImageInfoPresenter.swift */,
				8EBA5C78267B9E3700941513 /* FullImageInfoConfigurator.swift */,
				8EBA5C7C267B9F5A00941513 /* FullImageInfo.storyboard */,
			);
			path = FullImageInfo;
			sourceTree = "<group>";
		};
		8E072965267205A90071FF46 = {
			isa = PBXGroup;
			children = (
				8E072970267205A90071FF46 /* 2ndGalleryApp */,
				8E07296F267205A90071FF46 /* Products */,
				595EC36717DED05754E5053F /* Pods */,
				1927396C30BA5B890A1F5BFA /* Frameworks */,
			);
			sourceTree = "<group>";
		};
		8E07296F267205A90071FF46 /* Products */ = {
			isa = PBXGroup;
			children = (
				8E07296E267205A90071FF46 /* 2ndGalleryApp.app */,
			);
			name = Products;
			sourceTree = "<group>";
		};
		8E072970267205A90071FF46 /* 2ndGalleryApp */ = {
			isa = PBXGroup;
			children = (
				8EBA5C75267B4F9D00941513 /* UseCases */,
				8E038F9D2678EE32000E56AC /* Gateway */,
				8E07299326721D430071FF46 /* Entities */,
				8EAF7C6826861E200048A936 /* Scene */,
				8EAF7C7D268DBFF20048A936 /* Config.swift */,
				8E41344C2692FBE700C69ECE /* DI.swift */,
				8E072982267205AA0071FF46 /* Info.plist */,
				8E18C74726986045004EFC69 /* R.generated.swift */,
				8EAF7C48268477470048A936 /* Assets.xcassets */,
				8E072988267205BA0071FF46 /* SupportFiles */,
			);
			path = 2ndGalleryApp;
			sourceTree = "<group>";
		};
		8E072988267205BA0071FF46 /* SupportFiles */ = {
			isa = PBXGroup;
			children = (
				8E07297A267205A90071FF46 /* _ndGalleryApp.xcdatamodeld */,
				8E072973267205A90071FF46 /* SceneDelegate.swift */,
				8E072971267205A90071FF46 /* AppDelegate.swift */,
				8E18C7492698644B004EFC69 /* AppDelegateExtension.swift */,
			);
			path = SupportFiles;
			sourceTree = "<group>";
		};
		8E072989267207020071FF46 /* Entry */ = {
			isa = PBXGroup;
			children = (
				8E18C74B269C3E92004EFC69 /* Alerts */,
				8E07299026721C620071FF46 /* FirstEntryScreen */,
				8E07299226721CD50071FF46 /* SignIn */,
				8E07299126721CC30071FF46 /* SignUp */,
			);
			path = Entry;
			sourceTree = "<group>";
		};
		8E07299026721C620071FF46 /* FirstEntryScreen */ = {
			isa = PBXGroup;
			children = (
				8E072975267205A90071FF46 /* StartViewController.swift */,
				8E41346026935FD200C69ECE /* StartConfigurator.swift */,
				8E41345E26935F8B00C69ECE /* StartRouter.swift */,
				8E072977267205A90071FF46 /* Main.storyboard */,
				8E07297F267205AA0071FF46 /* LaunchScreen.storyboard */,
			);
			path = FirstEntryScreen;
			sourceTree = "<group>";
		};
		8E07299126721CC30071FF46 /* SignUp */ = {
			isa = PBXGroup;
			children = (
				8E07299426721D9A0071FF46 /* SignUp.storyboard */,
				8E07299C267255CC0071FF46 /* SignUpViewController.swift */,
				8EAF7C72268B1B840048A936 /* SignUpPresenter.swift */,
				8EAF7C75268B1BA40048A936 /* SignUpPresenterImp.swift */,
				8E4134622693650800C69ECE /* SignUpConfigurator.swift */,
				8E41345C2693520200C69ECE /* SignUpRouter.swift */,
			);
			path = SignUp;
			sourceTree = "<group>";
		};
		8E07299226721CD50071FF46 /* SignIn */ = {
			isa = PBXGroup;
			children = (
				8E07299626721DB10071FF46 /* SignIn.storyboard */,
				8E0729982672424C0071FF46 /* SignInViewController.swift */,
				8E07299A2672511A0071FF46 /* SignInPresenter.swift */,
				8E26E680269733620002F82A /* SignInPresenterImp.swift */,
				8E26E682269733D90002F82A /* SIgnInConfigurator.swift */,
				8E26E6842697341A0002F82A /* SignInRouter.swift */,
			);
			path = SignIn;
			sourceTree = "<group>";
		};
		8E07299326721D430071FF46 /* Entities */ = {
			isa = PBXGroup;
			children = (
				8E4134642694491D00C69ECE /* Settings */,
				8EAF7C642684D5F10048A936 /* EntityGateway */,
				8EAF7C5B2684C1970048A936 /* GalleryEntities */,
				8EAF7C5C2684C1B10048A936 /* UserEntities */,
			);
			path = Entities;
			sourceTree = "<group>";
		};
		8E07299E2672577B0071FF46 /* Gallery */ = {
			isa = PBXGroup;
			children = (
				8E07299F267257D90071FF46 /* MainGallery.storyboard */,
				8E0729A726725C010071FF46 /* MainGallery */,
				8E0729A826725C290071FF46 /* Add Photo */,
				8E0729A926725C450071FF46 /* Profile */,
			);
			path = Gallery;
			sourceTree = "<group>";
		};
		8E0729A726725C010071FF46 /* MainGallery */ = {
			isa = PBXGroup;
			children = (
				8E038FA02678F709000E56AC /* Statesments.swift */,
				8E0729A526725BD20071FF46 /* MainGalleryViewController.swift */,
				8EBA5C7A267B9E7D00941513 /* MainGalleryViewControllersExtensions.swift */,
				8E4134802695DC6200C69ECE /* MainGalleryPresenter.swift */,
				8E0729AA26725C7F0071FF46 /* MainGalleryPresenterImp.swift */,
				8E038FA2267A1645000E56AC /* MainGalleryConfigurator.swift */,
				8EBA5C73267A3F6F00941513 /* MainGalleryRouter.swift */,
				8E038FA4267A1FF2000E56AC /* FullImageInfo */,
				8E0729AE26725D440071FF46 /* MainGalleryCells */,
			);
			path = MainGallery;
			sourceTree = "<group>";
		};
		8E0729A826725C290071FF46 /* Add Photo */ = {
			isa = PBXGroup;
			children = (
				8E038F952673A32D000E56AC /* AddPhotoViewController.swift */,
			);
			path = "Add Photo";
			sourceTree = "<group>";
		};
		8E0729A926725C450071FF46 /* Profile */ = {
			isa = PBXGroup;
			children = (
				8E038F992673A37F000E56AC /* ProfileViewController.swift */,
				8E18C750269C5683004EFC69 /* ProfileViewControllerExtensions.swift */,
				8E18C758269C56E1004EFC69 /* ProfilePresenterImp.swift */,
				8E18C752269C568F004EFC69 /* ProfilePresenter.swift */,
				8E18C756269C56A2004EFC69 /* ProfileConfigurator.swift */,
				8E18C754269C5697004EFC69 /* ProfileRouter.swift */,
				8E18C75A269C7EC9004EFC69 /* ProfileSettings */,
			);
			path = Profile;
			sourceTree = "<group>";
		};
		8E0729AE26725D440071FF46 /* MainGalleryCells */ = {
			isa = PBXGroup;
			children = (
				8E0729AF26725D630071FF46 /* MainGalleryCollectionViewCell.swift */,
				8E0729B026725D630071FF46 /* MainGalleryCollectionViewCell.xib */,
			);
			path = MainGalleryCells;
			sourceTree = "<group>";
		};
		8E18C74B269C3E92004EFC69 /* Alerts */ = {
			isa = PBXGroup;
			children = (
				8E18C74C269C3EED004EFC69 /* ALerts.swift */,
			);
			path = Alerts;
			sourceTree = "<group>";
		};
		8E18C75A269C7EC9004EFC69 /* ProfileSettings */ = {
			isa = PBXGroup;
			children = (
				8E18C75D269C7EFB004EFC69 /* ProfileSettings.storyboard */,
				8E18C75B269C7EEB004EFC69 /* ProfileSettingsViewController.swift */,
				8E18C761269C7F22004EFC69 /* ProfileSettingsPresenter.swift */,
				8E18C763269C7F2D004EFC69 /* ProfileSettingPresenterImp.swift */,
				8E18C765269C7F3A004EFC69 /* ProfileSettingsConfigurator.swift */,
				8E18C75F269C7F15004EFC69 /* ProfileSettingsRouter.swift */,
			);
			path = ProfileSettings;
			sourceTree = "<group>";
		};
		8E2DCF5326983CB6009FBC67 /* Interceptor */ = {
			isa = PBXGroup;
			children = (
				8E2DCF5426983CD2009FBC67 /* AuthInterceptor.swift */,
			);
			path = Interceptor;
			sourceTree = "<group>";
		};
		8E4134642694491D00C69ECE /* Settings */ = {
			isa = PBXGroup;
			children = (
				8E4134652694493300C69ECE /* LocalSettings.swift */,
				8E413469269465DE00C69ECE /* UserDefaultsKey.swift */,
				8E4134672694498400C69ECE /* UserDefaultsSettings.swift */,
			);
			path = Settings;
			sourceTree = "<group>";
		};
		8E41346B2694A9C500C69ECE /* ResponseHandler */ = {
			isa = PBXGroup;
			children = (
				8E41347E2695A24600C69ECE /* ExtendedResponseHandler.swift */,
			);
			path = ResponseHandler;
			sourceTree = "<group>";
		};
		8EAF7C542684BE6A0048A936 /* AuthUseCase */ = {
			isa = PBXGroup;
			children = (
				8EAF7C552684BE900048A936 /* AuthUseCase.swift */,
				8EAF7C572684BEB40048A936 /* AuthUseCaseImp.swift */,
				8EAF7C592684BED20048A936 /* AuthUseCaseEnum.swift */,
			);
			path = AuthUseCase;
			sourceTree = "<group>";
		};
		8EAF7C5B2684C1970048A936 /* GalleryEntities */ = {
			isa = PBXGroup;
			children = (
				8E0729B326725DD90071FF46 /* ImageEntities.swift */,
				8EBA5C7E267BA15E00941513 /* ImageEntity.swift */,
				8EBA5C80267BA18C00941513 /* ImageInfo.swift */,
				8EAF7C4C26849C9B0048A936 /* PaginationEntity.swift */,
			);
			path = GalleryEntities;
			sourceTree = "<group>";
		};
		8EAF7C5C2684C1B10048A936 /* UserEntities */ = {
			isa = PBXGroup;
			children = (
				8EAF7C4A26849BFB0048A936 /* TokenEntitiy.swift */,
				8EAF7C5026849FC50048A936 /* UserEntity.swift */,
				8EAF7C692689C23E0048A936 /* SignUpEntity.swift */,
				8EAF7C4E26849DCE0048A936 /* CheckUserEntity.swift */,
			);
			path = UserEntities;
			sourceTree = "<group>";
		};
		8EAF7C5D2684C89D0048A936 /* UserUseCase */ = {
			isa = PBXGroup;
			children = (
				8EAF7C5E2684C90C0048A936 /* UserUseCase.swift */,
				8EAF7C602684C9310048A936 /* UserUseCaseImp.swift */,
			);
			path = UserUseCase;
			sourceTree = "<group>";
		};
		8EAF7C642684D5F10048A936 /* EntityGateway */ = {
			isa = PBXGroup;
			children = (
				8E2DCF5326983CB6009FBC67 /* Interceptor */,
				8E41346B2694A9C500C69ECE /* ResponseHandler */,
				8EAF7C65268613C00048A936 /* Api */,
				8EAF7C7B268DBF670048A936 /* ApiEndPoint.swift */,
				8EAF7C77268CAEF50048A936 /* Requests.swift */,
				8E18C74E269C4AEE004EFC69 /* Errors.swift */,
				8EAF7C79268CAF1B0048A936 /* ExtendedApiRequest.swift */,
			);
			path = EntityGateway;
			sourceTree = "<group>";
		};
		8EAF7C65268613C00048A936 /* Api */ = {
			isa = PBXGroup;
			children = (
				8E41344E269302B500C69ECE /* ApiBaseGateway.swift */,
				8E4134522693076600C69ECE /* ApiUserGateway.swift */,
				8E4134562693182E00C69ECE /* ApiRegistrationGateway.swift */,
				8E41345826931A8100C69ECE /* ApiGalleryPaginationGateway.swift */,
				8E413450269303E200C69ECE /* ApiAuthGateway.swift */,
			);
			path = Api;
			sourceTree = "<group>";
		};
		8EAF7C6826861E200048A936 /* Scene */ = {
			isa = PBXGroup;
			children = (
				8E072989267207020071FF46 /* Entry */,
				8E07299E2672577B0071FF46 /* Gallery */,
			);
			path = Scene;
			sourceTree = "<group>";
		};
		8EAF7C6B268B16B80048A936 /* RegistrationUseCase */ = {
			isa = PBXGroup;
			children = (
				8EAF7C6C268B16DD0048A936 /* RegistrationUseCase.swift */,
				8EAF7C6E268B18710048A936 /* RegistrationUseCaseImp.swift */,
			);
			path = RegistrationUseCase;
			sourceTree = "<group>";
		};
		8EAF7C7F268F24E50048A936 /* PaginationUseCase */ = {
			isa = PBXGroup;
			children = (
				8EAF7C80268F25040048A936 /* PaginationUseCase.swift */,
				8EAF7C82268F26ED0048A936 /* PaginationUseCaseImp.swift */,
			);
			path = PaginationUseCase;
			sourceTree = "<group>";
		};
		8EBA5C75267B4F9D00941513 /* UseCases */ = {
			isa = PBXGroup;
			children = (
				8EAF7C5D2684C89D0048A936 /* UserUseCase */,
				8EAF7C542684BE6A0048A936 /* AuthUseCase */,
				8EAF7C6B268B16B80048A936 /* RegistrationUseCase */,
				8EAF7C7F268F24E50048A936 /* PaginationUseCase */,
			);
			path = UseCases;
			sourceTree = "<group>";
		};
/* End PBXGroup section */

/* Begin PBXNativeTarget section */
		8E07296D267205A90071FF46 /* 2ndGalleryApp */ = {
			isa = PBXNativeTarget;
			buildConfigurationList = 8E072985267205AA0071FF46 /* Build configuration list for PBXNativeTarget "2ndGalleryApp" */;
			buildPhases = (
				FB3ECAA18E646EF681921693 /* [CP] Check Pods Manifest.lock */,
				8E18C74626985B10004EFC69 /* Run Script */,
				8E07296A267205A90071FF46 /* Sources */,
				8E07296B267205A90071FF46 /* Frameworks */,
				8E07296C267205A90071FF46 /* Resources */,
				76EC6725C10EEF6AEF4DFC2C /* [CP] Embed Pods Frameworks */,
			);
			buildRules = (
			);
			dependencies = (
			);
			name = 2ndGalleryApp;
			productName = 2ndGalleryApp;
			productReference = 8E07296E267205A90071FF46 /* 2ndGalleryApp.app */;
			productType = "com.apple.product-type.application";
		};
/* End PBXNativeTarget section */

/* Begin PBXProject section */
		8E072966267205A90071FF46 /* Project object */ = {
			isa = PBXProject;
			attributes = {
				LastSwiftUpdateCheck = 1250;
				LastUpgradeCheck = 1250;
				TargetAttributes = {
					8E07296D267205A90071FF46 = {
						CreatedOnToolsVersion = 12.5;
					};
				};
			};
			buildConfigurationList = 8E072969267205A90071FF46 /* Build configuration list for PBXProject "2ndGalleryApp" */;
			compatibilityVersion = "Xcode 9.3";
			developmentRegion = en;
			hasScannedForEncodings = 0;
			knownRegions = (
				en,
				Base,
			);
			mainGroup = 8E072965267205A90071FF46;
			productRefGroup = 8E07296F267205A90071FF46 /* Products */;
			projectDirPath = "";
			projectRoot = "";
			targets = (
				8E07296D267205A90071FF46 /* 2ndGalleryApp */,
			);
		};
/* End PBXProject section */

/* Begin PBXResourcesBuildPhase section */
		8E07296C267205A90071FF46 /* Resources */ = {
			isa = PBXResourcesBuildPhase;
			buildActionMask = 2147483647;
			files = (
				8E072981267205AA0071FF46 /* LaunchScreen.storyboard in Resources */,
				8EBA5C7D267B9F5A00941513 /* FullImageInfo.storyboard in Resources */,
				8E07299726721DB10071FF46 /* SignIn.storyboard in Resources */,
				8E0729A0267257D90071FF46 /* MainGallery.storyboard in Resources */,
				8E07299526721D9A0071FF46 /* SignUp.storyboard in Resources */,
				8E072979267205A90071FF46 /* Main.storyboard in Resources */,
				8E18C75E269C7EFB004EFC69 /* ProfileSettings.storyboard in Resources */,
				8EAF7C49268477470048A936 /* Assets.xcassets in Resources */,
				8E0729B226725D630071FF46 /* MainGalleryCollectionViewCell.xib in Resources */,
			);
			runOnlyForDeploymentPostprocessing = 0;
		};
/* End PBXResourcesBuildPhase section */

/* Begin PBXShellScriptBuildPhase section */
		76EC6725C10EEF6AEF4DFC2C /* [CP] Embed Pods Frameworks */ = {
			isa = PBXShellScriptBuildPhase;
			buildActionMask = 2147483647;
			files = (
			);
			inputFileListPaths = (
				"${PODS_ROOT}/Target Support Files/Pods-2ndGalleryApp/Pods-2ndGalleryApp-frameworks-${CONFIGURATION}-input-files.xcfilelist",
			);
			name = "[CP] Embed Pods Frameworks";
			outputFileListPaths = (
				"${PODS_ROOT}/Target Support Files/Pods-2ndGalleryApp/Pods-2ndGalleryApp-frameworks-${CONFIGURATION}-output-files.xcfilelist",
			);
			runOnlyForDeploymentPostprocessing = 0;
			shellPath = /bin/sh;
			shellScript = "\"${PODS_ROOT}/Target Support Files/Pods-2ndGalleryApp/Pods-2ndGalleryApp-frameworks.sh\"\n";
			showEnvVarsInLog = 0;
		};
		8E18C74626985B10004EFC69 /* Run Script */ = {
			isa = PBXShellScriptBuildPhase;
			buildActionMask = 2147483647;
			files = (
			);
			inputFileListPaths = (
			);
			inputPaths = (
				"$TEMP_DIR/rswift-lastrun",
			);
			name = "Run Script";
			outputFileListPaths = (
			);
			outputPaths = (
				$SRCROOT/2ndGalleryApp/R.generated.swift,
			);
			runOnlyForDeploymentPostprocessing = 0;
			shellPath = /bin/sh;
			shellScript = "\"$PODS_ROOT/R.swift/rswift\" generate \"$SRCROOT/2ndGalleryApp/R.generated.swift\"\n\n";
		};
		FB3ECAA18E646EF681921693 /* [CP] Check Pods Manifest.lock */ = {
			isa = PBXShellScriptBuildPhase;
			buildActionMask = 2147483647;
			files = (
			);
			inputFileListPaths = (
			);
			inputPaths = (
				"${PODS_PODFILE_DIR_PATH}/Podfile.lock",
				"${PODS_ROOT}/Manifest.lock",
			);
			name = "[CP] Check Pods Manifest.lock";
			outputFileListPaths = (
			);
			outputPaths = (
				"$(DERIVED_FILE_DIR)/Pods-2ndGalleryApp-checkManifestLockResult.txt",
			);
			runOnlyForDeploymentPostprocessing = 0;
			shellPath = /bin/sh;
			shellScript = "diff \"${PODS_PODFILE_DIR_PATH}/Podfile.lock\" \"${PODS_ROOT}/Manifest.lock\" > /dev/null\nif [ $? != 0 ] ; then\n    # print error to STDERR\n    echo \"error: The sandbox is not in sync with the Podfile.lock. Run 'pod install' or update your CocoaPods installation.\" >&2\n    exit 1\nfi\n# This output is used by Xcode 'outputs' to avoid re-running this script phase.\necho \"SUCCESS\" > \"${SCRIPT_OUTPUT_FILE_0}\"\n";
			showEnvVarsInLog = 0;
		};
/* End PBXShellScriptBuildPhase section */

/* Begin PBXSourcesBuildPhase section */
		8E07296A267205A90071FF46 /* Sources */ = {
			isa = PBXSourcesBuildPhase;
			buildActionMask = 2147483647;
			files = (
				8E41345F26935F8B00C69ECE /* StartRouter.swift in Sources */,
				8E41345D2693520200C69ECE /* SignUpRouter.swift in Sources */,
				8EAF7C5A2684BED20048A936 /* AuthUseCaseEnum.swift in Sources */,
				8E41346126935FD200C69ECE /* StartConfigurator.swift in Sources */,
				8E038FA3267A1645000E56AC /* MainGalleryConfigurator.swift in Sources */,
				8E4134572693182E00C69ECE /* ApiRegistrationGateway.swift in Sources */,
				8E18C74F269C4AEE004EFC69 /* Errors.swift in Sources */,
				8E4134662694493300C69ECE /* LocalSettings.swift in Sources */,
				8EAF7C7E268DBFF20048A936 /* Config.swift in Sources */,
				8E413451269303E200C69ECE /* ApiAuthGateway.swift in Sources */,
				8E2DCF5526983CD2009FBC67 /* AuthInterceptor.swift in Sources */,
				8E038FA8267A2034000E56AC /* FullImageInfoPresenter.swift in Sources */,
				8EAF7C6F268B18710048A936 /* RegistrationUseCaseImp.swift in Sources */,
				8E41347F2695A24600C69ECE /* ExtendedResponseHandler.swift in Sources */,
				8E038F962673A32D000E56AC /* AddPhotoViewController.swift in Sources */,
				8EAF7C4B26849BFB0048A936 /* TokenEntitiy.swift in Sources */,
				8E26E683269733D90002F82A /* SIgnInConfigurator.swift in Sources */,
				8E07297C267205A90071FF46 /* _ndGalleryApp.xcdatamodeld in Sources */,
				8EAF7C532684BCCF0048A936 /* Settings.swift in Sources */,
				8E0729A626725BD20071FF46 /* MainGalleryViewController.swift in Sources */,
				8EAF7C612684C9310048A936 /* UserUseCaseImp.swift in Sources */,
				8E18C751269C5683004EFC69 /* ProfileViewControllerExtensions.swift in Sources */,
				8EAF7C87268F561E0048A936 /* GalleryPaginationGateway.swift in Sources */,
				8E0729AB26725C7F0071FF46 /* MainGalleryPresenterImp.swift in Sources */,
				8E18C764269C7F2D004EFC69 /* ProfileSettingPresenterImp.swift in Sources */,
				8E038FA12678F709000E56AC /* Statesments.swift in Sources */,
				8EAF7C632684CBBD0048A936 /* UserGateway.swift in Sources */,
				8E4134632693650800C69ECE /* SignUpConfigurator.swift in Sources */,
				8E038F9A2673A37F000E56AC /* ProfileViewController.swift in Sources */,
				8EAF7C83268F26ED0048A936 /* PaginationUseCaseImp.swift in Sources */,
				8E41346A269465DE00C69ECE /* UserDefaultsKey.swift in Sources */,
				8EBA5C81267BA18C00941513 /* ImageInfo.swift in Sources */,
				8E18C760269C7F15004EFC69 /* ProfileSettingsRouter.swift in Sources */,
				8EAF7C5126849FC50048A936 /* UserEntity.swift in Sources */,
				8E18C755269C5697004EFC69 /* ProfileRouter.swift in Sources */,
				8EAF7C562684BE900048A936 /* AuthUseCase.swift in Sources */,
				8E07299D267255CC0071FF46 /* SignUpViewController.swift in Sources */,
				8E26E6852697341A0002F82A /* SignInRouter.swift in Sources */,
				8EAF7C67268613DB0048A936 /* AuthGateway.swift in Sources */,
				8EBA5C79267B9E3700941513 /* FullImageInfoConfigurator.swift in Sources */,
				8E0729992672424C0071FF46 /* SignInViewController.swift in Sources */,
				8E41345926931A8100C69ECE /* ApiGalleryPaginationGateway.swift in Sources */,
				8EAF7C76268B1BA40048A936 /* SignUpPresenterImp.swift in Sources */,
				8E4134532693076600C69ECE /* ApiUserGateway.swift in Sources */,
				8EAF7C7C268DBF670048A936 /* ApiEndPoint.swift in Sources */,
				8E26E681269733620002F82A /* SignInPresenterImp.swift in Sources */,
				8E4134682694498400C69ECE /* UserDefaultsSettings.swift in Sources */,
				8EAF7C4F26849DCE0048A936 /* CheckUserEntity.swift in Sources */,
				8EAF7C7A268CAF1B0048A936 /* ExtendedApiRequest.swift in Sources */,
				8EBA5C7B267B9E7D00941513 /* MainGalleryViewControllersExtensions.swift in Sources */,
				8EAF7C78268CAEF50048A936 /* Requests.swift in Sources */,
				8E4134812695DC6200C69ECE /* MainGalleryPresenter.swift in Sources */,
				8E038FA6267A2019000E56AC /* FullImageInfoViewController.swift in Sources */,
				8E18C753269C568F004EFC69 /* ProfilePresenter.swift in Sources */,
				8EBA5C7F267BA15E00941513 /* ImageEntity.swift in Sources */,
				8E41344D2692FBE700C69ECE /* DI.swift in Sources */,
				8E0729B426725DD90071FF46 /* ImageEntities.swift in Sources */,
				8E18C75C269C7EEB004EFC69 /* ProfileSettingsViewController.swift in Sources */,
				8E072976267205A90071FF46 /* StartViewController.swift in Sources */,
				8E07299B2672511A0071FF46 /* SignInPresenter.swift in Sources */,
				8EAF7C6A2689C23E0048A936 /* SignUpEntity.swift in Sources */,
				8E072972267205A90071FF46 /* AppDelegate.swift in Sources */,
				8E0729B126725D630071FF46 /* MainGalleryCollectionViewCell.swift in Sources */,
				8EBA5C74267A3F6F00941513 /* MainGalleryRouter.swift in Sources */,
				8E18C762269C7F22004EFC69 /* ProfileSettingsPresenter.swift in Sources */,
				8EAF7C5F2684C90C0048A936 /* UserUseCase.swift in Sources */,
				8EAF7C81268F25040048A936 /* PaginationUseCase.swift in Sources */,
				8E18C766269C7F3A004EFC69 /* ProfileSettingsConfigurator.swift in Sources */,
				8EAF7C71268B18DD0048A936 /* RegistrationGateway.swift in Sources */,
				8E18C74D269C3EED004EFC69 /* ALerts.swift in Sources */,
				8EAF7C6D268B16DD0048A936 /* RegistrationUseCase.swift in Sources */,
				8EAF7C582684BEB40048A936 /* AuthUseCaseImp.swift in Sources */,
				8E18C74A2698644B004EFC69 /* AppDelegateExtension.swift in Sources */,
				8E18C757269C56A2004EFC69 /* ProfileConfigurator.swift in Sources */,
				8E18C759269C56E1004EFC69 /* ProfilePresenterImp.swift in Sources */,
				8E18C74826986045004EFC69 /* R.generated.swift in Sources */,
				8E41344F269302B500C69ECE /* ApiBaseGateway.swift in Sources */,
				8EAF7C4D26849C9B0048A936 /* PaginationEntity.swift in Sources */,
				8EAF7C73268B1B840048A936 /* SignUpPresenter.swift in Sources */,
				8E072974267205A90071FF46 /* SceneDelegate.swift in Sources */,
			);
			runOnlyForDeploymentPostprocessing = 0;
		};
/* End PBXSourcesBuildPhase section */

/* Begin PBXVariantGroup section */
		8E072977267205A90071FF46 /* Main.storyboard */ = {
			isa = PBXVariantGroup;
			children = (
				8E072978267205A90071FF46 /* Base */,
			);
			name = Main.storyboard;
			sourceTree = "<group>";
		};
		8E07297F267205AA0071FF46 /* LaunchScreen.storyboard */ = {
			isa = PBXVariantGroup;
			children = (
				8E072980267205AA0071FF46 /* Base */,
			);
			name = LaunchScreen.storyboard;
			sourceTree = "<group>";
		};
/* End PBXVariantGroup section */

/* Begin XCBuildConfiguration section */
		8E072983267205AA0071FF46 /* Debug */ = {
			isa = XCBuildConfiguration;
			buildSettings = {
				ALWAYS_SEARCH_USER_PATHS = NO;
				CLANG_ANALYZER_NONNULL = YES;
				CLANG_ANALYZER_NUMBER_OBJECT_CONVERSION = YES_AGGRESSIVE;
				CLANG_CXX_LANGUAGE_STANDARD = "gnu++14";
				CLANG_CXX_LIBRARY = "libc++";
				CLANG_ENABLE_MODULES = YES;
				CLANG_ENABLE_OBJC_ARC = YES;
				CLANG_ENABLE_OBJC_WEAK = YES;
				CLANG_WARN_BLOCK_CAPTURE_AUTORELEASING = YES;
				CLANG_WARN_BOOL_CONVERSION = YES;
				CLANG_WARN_COMMA = YES;
				CLANG_WARN_CONSTANT_CONVERSION = YES;
				CLANG_WARN_DEPRECATED_OBJC_IMPLEMENTATIONS = YES;
				CLANG_WARN_DIRECT_OBJC_ISA_USAGE = YES_ERROR;
				CLANG_WARN_DOCUMENTATION_COMMENTS = YES;
				CLANG_WARN_EMPTY_BODY = YES;
				CLANG_WARN_ENUM_CONVERSION = YES;
				CLANG_WARN_INFINITE_RECURSION = YES;
				CLANG_WARN_INT_CONVERSION = YES;
				CLANG_WARN_NON_LITERAL_NULL_CONVERSION = YES;
				CLANG_WARN_OBJC_IMPLICIT_RETAIN_SELF = YES;
				CLANG_WARN_OBJC_LITERAL_CONVERSION = YES;
				CLANG_WARN_OBJC_ROOT_CLASS = YES_ERROR;
				CLANG_WARN_QUOTED_INCLUDE_IN_FRAMEWORK_HEADER = YES;
				CLANG_WARN_RANGE_LOOP_ANALYSIS = YES;
				CLANG_WARN_STRICT_PROTOTYPES = YES;
				CLANG_WARN_SUSPICIOUS_MOVE = YES;
				CLANG_WARN_UNGUARDED_AVAILABILITY = YES_AGGRESSIVE;
				CLANG_WARN_UNREACHABLE_CODE = YES;
				CLANG_WARN__DUPLICATE_METHOD_MATCH = YES;
				COPY_PHASE_STRIP = NO;
				DEBUG_INFORMATION_FORMAT = dwarf;
				ENABLE_STRICT_OBJC_MSGSEND = YES;
				ENABLE_TESTABILITY = YES;
				GCC_C_LANGUAGE_STANDARD = gnu11;
				GCC_DYNAMIC_NO_PIC = NO;
				GCC_NO_COMMON_BLOCKS = YES;
				GCC_OPTIMIZATION_LEVEL = 0;
				GCC_PREPROCESSOR_DEFINITIONS = (
					"DEBUG=1",
					"$(inherited)",
				);
				GCC_WARN_64_TO_32_BIT_CONVERSION = YES;
				GCC_WARN_ABOUT_RETURN_TYPE = YES_ERROR;
				GCC_WARN_UNDECLARED_SELECTOR = YES;
				GCC_WARN_UNINITIALIZED_AUTOS = YES_AGGRESSIVE;
				GCC_WARN_UNUSED_FUNCTION = YES;
				GCC_WARN_UNUSED_VARIABLE = YES;
				IPHONEOS_DEPLOYMENT_TARGET = 14.5;
				MTL_ENABLE_DEBUG_INFO = INCLUDE_SOURCE;
				MTL_FAST_MATH = YES;
				ONLY_ACTIVE_ARCH = YES;
				SDKROOT = iphoneos;
				SWIFT_ACTIVE_COMPILATION_CONDITIONS = DEBUG;
				SWIFT_OPTIMIZATION_LEVEL = "-Onone";
			};
			name = Debug;
		};
		8E072984267205AA0071FF46 /* Release */ = {
			isa = XCBuildConfiguration;
			buildSettings = {
				ALWAYS_SEARCH_USER_PATHS = NO;
				CLANG_ANALYZER_NONNULL = YES;
				CLANG_ANALYZER_NUMBER_OBJECT_CONVERSION = YES_AGGRESSIVE;
				CLANG_CXX_LANGUAGE_STANDARD = "gnu++14";
				CLANG_CXX_LIBRARY = "libc++";
				CLANG_ENABLE_MODULES = YES;
				CLANG_ENABLE_OBJC_ARC = YES;
				CLANG_ENABLE_OBJC_WEAK = YES;
				CLANG_WARN_BLOCK_CAPTURE_AUTORELEASING = YES;
				CLANG_WARN_BOOL_CONVERSION = YES;
				CLANG_WARN_COMMA = YES;
				CLANG_WARN_CONSTANT_CONVERSION = YES;
				CLANG_WARN_DEPRECATED_OBJC_IMPLEMENTATIONS = YES;
				CLANG_WARN_DIRECT_OBJC_ISA_USAGE = YES_ERROR;
				CLANG_WARN_DOCUMENTATION_COMMENTS = YES;
				CLANG_WARN_EMPTY_BODY = YES;
				CLANG_WARN_ENUM_CONVERSION = YES;
				CLANG_WARN_INFINITE_RECURSION = YES;
				CLANG_WARN_INT_CONVERSION = YES;
				CLANG_WARN_NON_LITERAL_NULL_CONVERSION = YES;
				CLANG_WARN_OBJC_IMPLICIT_RETAIN_SELF = YES;
				CLANG_WARN_OBJC_LITERAL_CONVERSION = YES;
				CLANG_WARN_OBJC_ROOT_CLASS = YES_ERROR;
				CLANG_WARN_QUOTED_INCLUDE_IN_FRAMEWORK_HEADER = YES;
				CLANG_WARN_RANGE_LOOP_ANALYSIS = YES;
				CLANG_WARN_STRICT_PROTOTYPES = YES;
				CLANG_WARN_SUSPICIOUS_MOVE = YES;
				CLANG_WARN_UNGUARDED_AVAILABILITY = YES_AGGRESSIVE;
				CLANG_WARN_UNREACHABLE_CODE = YES;
				CLANG_WARN__DUPLICATE_METHOD_MATCH = YES;
				COPY_PHASE_STRIP = NO;
				DEBUG_INFORMATION_FORMAT = "dwarf-with-dsym";
				ENABLE_NS_ASSERTIONS = NO;
				ENABLE_STRICT_OBJC_MSGSEND = YES;
				GCC_C_LANGUAGE_STANDARD = gnu11;
				GCC_NO_COMMON_BLOCKS = YES;
				GCC_WARN_64_TO_32_BIT_CONVERSION = YES;
				GCC_WARN_ABOUT_RETURN_TYPE = YES_ERROR;
				GCC_WARN_UNDECLARED_SELECTOR = YES;
				GCC_WARN_UNINITIALIZED_AUTOS = YES_AGGRESSIVE;
				GCC_WARN_UNUSED_FUNCTION = YES;
				GCC_WARN_UNUSED_VARIABLE = YES;
				IPHONEOS_DEPLOYMENT_TARGET = 14.5;
				MTL_ENABLE_DEBUG_INFO = NO;
				MTL_FAST_MATH = YES;
				SDKROOT = iphoneos;
				SWIFT_COMPILATION_MODE = wholemodule;
				SWIFT_OPTIMIZATION_LEVEL = "-O";
				VALIDATE_PRODUCT = YES;
			};
			name = Release;
		};
		8E072986267205AA0071FF46 /* Debug */ = {
			isa = XCBuildConfiguration;
			baseConfigurationReference = 9BC37D1F5DF6E728801FFD7C /* Pods-2ndGalleryApp.debug.xcconfig */;
			buildSettings = {
				ASSETCATALOG_COMPILER_APPICON_NAME = AppIcon;
				ASSETCATALOG_COMPILER_GLOBAL_ACCENT_COLOR_NAME = AccentColor;
				CODE_SIGN_STYLE = Automatic;
				DEVELOPMENT_TEAM = 4KFJNQ2Z7A;
				INFOPLIST_FILE = 2ndGalleryApp/Info.plist;
				LD_RUNPATH_SEARCH_PATHS = (
					"$(inherited)",
					"@executable_path/Frameworks",
				);
				PRODUCT_BUNDLE_IDENTIFIER = "kostukdevelops.-ndGalleryApp";
				PRODUCT_NAME = "$(TARGET_NAME)";
				SWIFT_VERSION = 5.0;
				TARGETED_DEVICE_FAMILY = "1,2";
			};
			name = Debug;
		};
		8E072987267205AA0071FF46 /* Release */ = {
			isa = XCBuildConfiguration;
			baseConfigurationReference = 9206CE3D7715C6BB084FBA8A /* Pods-2ndGalleryApp.release.xcconfig */;
			buildSettings = {
				ASSETCATALOG_COMPILER_APPICON_NAME = AppIcon;
				ASSETCATALOG_COMPILER_GLOBAL_ACCENT_COLOR_NAME = AccentColor;
				CODE_SIGN_STYLE = Automatic;
				DEVELOPMENT_TEAM = 4KFJNQ2Z7A;
				INFOPLIST_FILE = 2ndGalleryApp/Info.plist;
				LD_RUNPATH_SEARCH_PATHS = (
					"$(inherited)",
					"@executable_path/Frameworks",
				);
				PRODUCT_BUNDLE_IDENTIFIER = "kostukdevelops.-ndGalleryApp";
				PRODUCT_NAME = "$(TARGET_NAME)";
				SWIFT_VERSION = 5.0;
				TARGETED_DEVICE_FAMILY = "1,2";
			};
			name = Release;
		};
/* End XCBuildConfiguration section */

/* Begin XCConfigurationList section */
		8E072969267205A90071FF46 /* Build configuration list for PBXProject "2ndGalleryApp" */ = {
			isa = XCConfigurationList;
			buildConfigurations = (
				8E072983267205AA0071FF46 /* Debug */,
				8E072984267205AA0071FF46 /* Release */,
			);
			defaultConfigurationIsVisible = 0;
			defaultConfigurationName = Release;
		};
		8E072985267205AA0071FF46 /* Build configuration list for PBXNativeTarget "2ndGalleryApp" */ = {
			isa = XCConfigurationList;
			buildConfigurations = (
				8E072986267205AA0071FF46 /* Debug */,
				8E072987267205AA0071FF46 /* Release */,
			);
			defaultConfigurationIsVisible = 0;
			defaultConfigurationName = Release;
		};
/* End XCConfigurationList section */

/* Begin XCVersionGroup section */
		8E07297A267205A90071FF46 /* _ndGalleryApp.xcdatamodeld */ = {
			isa = XCVersionGroup;
			children = (
				8E07297B267205A90071FF46 /* _ndGalleryApp.xcdatamodel */,
			);
			currentVersion = 8E07297B267205A90071FF46 /* _ndGalleryApp.xcdatamodel */;
			path = _ndGalleryApp.xcdatamodeld;
			sourceTree = "<group>";
			versionGroupType = wrapper.xcdatamodel;
		};
/* End XCVersionGroup section */
	};
	rootObject = 8E072966267205A90071FF46 /* Project object */;
}
