// !$*UTF8*$!
{
	archiveVersion = 1;
	classes = {
	};
	objectVersion = 51;
	objects = {

/* Begin PBXBuildFile section */
		3995B35BD97C6E0CE08D3768 /* Pods_2ndGalleryApp.framework in Frameworks */ = {isa = PBXBuildFile; fileRef = DCD156A0326881F7F1C2AB21 /* Pods_2ndGalleryApp.framework */; };
		8E038F962673A32D000E56AC /* AddPhotoViewController.swift in Sources */ = {isa = PBXBuildFile; fileRef = 8E038F952673A32D000E56AC /* AddPhotoViewController.swift */; };
		8E038F9A2673A37F000E56AC /* ProfileViewController.swift in Sources */ = {isa = PBXBuildFile; fileRef = 8E038F992673A37F000E56AC /* ProfileViewController.swift */; };
		8E038F9F2678EE6E000E56AC /* GalleryGateway.swift in Sources */ = {isa = PBXBuildFile; fileRef = 8E038F9E2678EE6E000E56AC /* GalleryGateway.swift */; };
		8E038FA12678F709000E56AC /* Statesments.swift in Sources */ = {isa = PBXBuildFile; fileRef = 8E038FA02678F709000E56AC /* Statesments.swift */; };
		8E038FA3267A1645000E56AC /* MainGalleryConfigurator.swift in Sources */ = {isa = PBXBuildFile; fileRef = 8E038FA2267A1645000E56AC /* MainGalleryConfigurator.swift */; };
		8E038FA6267A2019000E56AC /* FullImageInfoViewController.swift in Sources */ = {isa = PBXBuildFile; fileRef = 8E038FA5267A2019000E56AC /* FullImageInfoViewController.swift */; };
		8E038FA8267A2034000E56AC /* FullImageInfoPresenter.swift in Sources */ = {isa = PBXBuildFile; fileRef = 8E038FA7267A2034000E56AC /* FullImageInfoPresenter.swift */; };
		8E072972267205A90071FF46 /* AppDelegate.swift in Sources */ = {isa = PBXBuildFile; fileRef = 8E072971267205A90071FF46 /* AppDelegate.swift */; };
		8E072974267205A90071FF46 /* SceneDelegate.swift in Sources */ = {isa = PBXBuildFile; fileRef = 8E072973267205A90071FF46 /* SceneDelegate.swift */; };
		8E072976267205A90071FF46 /* StartViewController.swift in Sources */ = {isa = PBXBuildFile; fileRef = 8E072975267205A90071FF46 /* StartViewController.swift */; };
		8E072979267205A90071FF46 /* Main.storyboard in Resources */ = {isa = PBXBuildFile; fileRef = 8E072977267205A90071FF46 /* Main.storyboard */; };
		8E07297C267205A90071FF46 /* _ndGalleryApp.xcdatamodeld in Sources */ = {isa = PBXBuildFile; fileRef = 8E07297A267205A90071FF46 /* _ndGalleryApp.xcdatamodeld */; };
		8E072981267205AA0071FF46 /* LaunchScreen.storyboard in Resources */ = {isa = PBXBuildFile; fileRef = 8E07297F267205AA0071FF46 /* LaunchScreen.storyboard */; };
		8E07299526721D9A0071FF46 /* SignUp.storyboard in Resources */ = {isa = PBXBuildFile; fileRef = 8E07299426721D9A0071FF46 /* SignUp.storyboard */; };
		8E07299726721DB10071FF46 /* SignIn.storyboard in Resources */ = {isa = PBXBuildFile; fileRef = 8E07299626721DB10071FF46 /* SignIn.storyboard */; };
		8E0729992672424C0071FF46 /* SignInViewController.swift in Sources */ = {isa = PBXBuildFile; fileRef = 8E0729982672424C0071FF46 /* SignInViewController.swift */; };
		8E07299B2672511A0071FF46 /* SignInPresenter.swift in Sources */ = {isa = PBXBuildFile; fileRef = 8E07299A2672511A0071FF46 /* SignInPresenter.swift */; };
		8E07299D267255CC0071FF46 /* SignUpViewController.swift in Sources */ = {isa = PBXBuildFile; fileRef = 8E07299C267255CC0071FF46 /* SignUpViewController.swift */; };
		8E0729A0267257D90071FF46 /* MainGallery.storyboard in Resources */ = {isa = PBXBuildFile; fileRef = 8E07299F267257D90071FF46 /* MainGallery.storyboard */; };
		8E0729A626725BD20071FF46 /* MainGalleryViewController.swift in Sources */ = {isa = PBXBuildFile; fileRef = 8E0729A526725BD20071FF46 /* MainGalleryViewController.swift */; };
		8E0729AB26725C7F0071FF46 /* MainGalleryPresenter.swift in Sources */ = {isa = PBXBuildFile; fileRef = 8E0729AA26725C7F0071FF46 /* MainGalleryPresenter.swift */; };
		8E0729B126725D630071FF46 /* MainGalleryCollectionViewCell.swift in Sources */ = {isa = PBXBuildFile; fileRef = 8E0729AF26725D630071FF46 /* MainGalleryCollectionViewCell.swift */; };
		8E0729B226725D630071FF46 /* MainGalleryCollectionViewCell.xib in Resources */ = {isa = PBXBuildFile; fileRef = 8E0729B026725D630071FF46 /* MainGalleryCollectionViewCell.xib */; };
		8E0729B426725DD90071FF46 /* ImageEntities.swift in Sources */ = {isa = PBXBuildFile; fileRef = 8E0729B326725DD90071FF46 /* ImageEntities.swift */; };
		8EAF7C49268477470048A936 /* Assets.xcassets in Resources */ = {isa = PBXBuildFile; fileRef = 8EAF7C48268477470048A936 /* Assets.xcassets */; };
		8EBA5C74267A3F6F00941513 /* MainGalleryRouter.swift in Sources */ = {isa = PBXBuildFile; fileRef = 8EBA5C73267A3F6F00941513 /* MainGalleryRouter.swift */; };
		8EBA5C77267B4FB400941513 /* ActivityIndicatorUseCase.swift in Sources */ = {isa = PBXBuildFile; fileRef = 8EBA5C76267B4FB400941513 /* ActivityIndicatorUseCase.swift */; };
		8EBA5C79267B9E3700941513 /* FullImageInfoConfigurator.swift in Sources */ = {isa = PBXBuildFile; fileRef = 8EBA5C78267B9E3700941513 /* FullImageInfoConfigurator.swift */; };
		8EBA5C7B267B9E7D00941513 /* MainGalleryViewControllersExtensions.swift in Sources */ = {isa = PBXBuildFile; fileRef = 8EBA5C7A267B9E7D00941513 /* MainGalleryViewControllersExtensions.swift */; };
		8EBA5C7D267B9F5A00941513 /* FullImageInfo.storyboard in Resources */ = {isa = PBXBuildFile; fileRef = 8EBA5C7C267B9F5A00941513 /* FullImageInfo.storyboard */; };
		8EBA5C7F267BA15E00941513 /* ImageEntity.swift in Sources */ = {isa = PBXBuildFile; fileRef = 8EBA5C7E267BA15E00941513 /* ImageEntity.swift */; };
		8EBA5C81267BA18C00941513 /* ImageInfo.swift in Sources */ = {isa = PBXBuildFile; fileRef = 8EBA5C80267BA18C00941513 /* ImageInfo.swift */; };
/* End PBXBuildFile section */

/* Begin PBXFileReference section */
		8E038F952673A32D000E56AC /* AddPhotoViewController.swift */ = {isa = PBXFileReference; lastKnownFileType = sourcecode.swift; path = AddPhotoViewController.swift; sourceTree = "<group>"; };
		8E038F992673A37F000E56AC /* ProfileViewController.swift */ = {isa = PBXFileReference; lastKnownFileType = sourcecode.swift; path = ProfileViewController.swift; sourceTree = "<group>"; };
		8E038F9E2678EE6E000E56AC /* GalleryGateway.swift */ = {isa = PBXFileReference; lastKnownFileType = sourcecode.swift; path = GalleryGateway.swift; sourceTree = "<group>"; };
		8E038FA02678F709000E56AC /* Statesments.swift */ = {isa = PBXFileReference; lastKnownFileType = sourcecode.swift; path = Statesments.swift; sourceTree = "<group>"; };
		8E038FA2267A1645000E56AC /* MainGalleryConfigurator.swift */ = {isa = PBXFileReference; lastKnownFileType = sourcecode.swift; path = MainGalleryConfigurator.swift; sourceTree = "<group>"; };
		8E038FA5267A2019000E56AC /* FullImageInfoViewController.swift */ = {isa = PBXFileReference; lastKnownFileType = sourcecode.swift; path = FullImageInfoViewController.swift; sourceTree = "<group>"; };
		8E038FA7267A2034000E56AC /* FullImageInfoPresenter.swift */ = {isa = PBXFileReference; lastKnownFileType = sourcecode.swift; path = FullImageInfoPresenter.swift; sourceTree = "<group>"; };
		8E07296E267205A90071FF46 /* 2ndGalleryApp.app */ = {isa = PBXFileReference; explicitFileType = wrapper.application; includeInIndex = 0; path = 2ndGalleryApp.app; sourceTree = BUILT_PRODUCTS_DIR; };
		8E072971267205A90071FF46 /* AppDelegate.swift */ = {isa = PBXFileReference; lastKnownFileType = sourcecode.swift; path = AppDelegate.swift; sourceTree = "<group>"; };
		8E072973267205A90071FF46 /* SceneDelegate.swift */ = {isa = PBXFileReference; lastKnownFileType = sourcecode.swift; path = SceneDelegate.swift; sourceTree = "<group>"; };
		8E072975267205A90071FF46 /* StartViewController.swift */ = {isa = PBXFileReference; lastKnownFileType = sourcecode.swift; path = StartViewController.swift; sourceTree = "<group>"; };
		8E072978267205A90071FF46 /* Base */ = {isa = PBXFileReference; lastKnownFileType = file.storyboard; name = Base; path = Base.lproj/Main.storyboard; sourceTree = "<group>"; };
		8E07297B267205A90071FF46 /* _ndGalleryApp.xcdatamodel */ = {isa = PBXFileReference; lastKnownFileType = wrapper.xcdatamodel; path = _ndGalleryApp.xcdatamodel; sourceTree = "<group>"; };
		8E072980267205AA0071FF46 /* Base */ = {isa = PBXFileReference; lastKnownFileType = file.storyboard; name = Base; path = Base.lproj/LaunchScreen.storyboard; sourceTree = "<group>"; };
		8E072982267205AA0071FF46 /* Info.plist */ = {isa = PBXFileReference; lastKnownFileType = text.plist.xml; path = Info.plist; sourceTree = "<group>"; };
		8E07299426721D9A0071FF46 /* SignUp.storyboard */ = {isa = PBXFileReference; lastKnownFileType = file.storyboard; path = SignUp.storyboard; sourceTree = "<group>"; };
		8E07299626721DB10071FF46 /* SignIn.storyboard */ = {isa = PBXFileReference; lastKnownFileType = file.storyboard; path = SignIn.storyboard; sourceTree = "<group>"; };
		8E0729982672424C0071FF46 /* SignInViewController.swift */ = {isa = PBXFileReference; lastKnownFileType = sourcecode.swift; path = SignInViewController.swift; sourceTree = "<group>"; };
		8E07299A2672511A0071FF46 /* SignInPresenter.swift */ = {isa = PBXFileReference; lastKnownFileType = sourcecode.swift; path = SignInPresenter.swift; sourceTree = "<group>"; };
		8E07299C267255CC0071FF46 /* SignUpViewController.swift */ = {isa = PBXFileReference; lastKnownFileType = sourcecode.swift; path = SignUpViewController.swift; sourceTree = "<group>"; };
		8E07299F267257D90071FF46 /* MainGallery.storyboard */ = {isa = PBXFileReference; lastKnownFileType = file.storyboard; path = MainGallery.storyboard; sourceTree = "<group>"; };
		8E0729A526725BD20071FF46 /* MainGalleryViewController.swift */ = {isa = PBXFileReference; lastKnownFileType = sourcecode.swift; path = MainGalleryViewController.swift; sourceTree = "<group>"; };
		8E0729AA26725C7F0071FF46 /* MainGalleryPresenter.swift */ = {isa = PBXFileReference; lastKnownFileType = sourcecode.swift; path = MainGalleryPresenter.swift; sourceTree = "<group>"; };
		8E0729AF26725D630071FF46 /* MainGalleryCollectionViewCell.swift */ = {isa = PBXFileReference; lastKnownFileType = sourcecode.swift; path = MainGalleryCollectionViewCell.swift; sourceTree = "<group>"; };
		8E0729B026725D630071FF46 /* MainGalleryCollectionViewCell.xib */ = {isa = PBXFileReference; lastKnownFileType = file.xib; path = MainGalleryCollectionViewCell.xib; sourceTree = "<group>"; };
		8E0729B326725DD90071FF46 /* ImageEntities.swift */ = {isa = PBXFileReference; lastKnownFileType = sourcecode.swift; path = ImageEntities.swift; sourceTree = "<group>"; };
		8EAF7C48268477470048A936 /* Assets.xcassets */ = {isa = PBXFileReference; lastKnownFileType = folder.assetcatalog; name = Assets.xcassets; path = ../Assets.xcassets; sourceTree = "<group>"; };
		8EBA5C73267A3F6F00941513 /* MainGalleryRouter.swift */ = {isa = PBXFileReference; lastKnownFileType = sourcecode.swift; path = MainGalleryRouter.swift; sourceTree = "<group>"; };
		8EBA5C76267B4FB400941513 /* ActivityIndicatorUseCase.swift */ = {isa = PBXFileReference; lastKnownFileType = sourcecode.swift; path = ActivityIndicatorUseCase.swift; sourceTree = "<group>"; };
		8EBA5C78267B9E3700941513 /* FullImageInfoConfigurator.swift */ = {isa = PBXFileReference; lastKnownFileType = sourcecode.swift; path = FullImageInfoConfigurator.swift; sourceTree = "<group>"; };
		8EBA5C7A267B9E7D00941513 /* MainGalleryViewControllersExtensions.swift */ = {isa = PBXFileReference; lastKnownFileType = sourcecode.swift; path = MainGalleryViewControllersExtensions.swift; sourceTree = "<group>"; };
		8EBA5C7C267B9F5A00941513 /* FullImageInfo.storyboard */ = {isa = PBXFileReference; lastKnownFileType = file.storyboard; path = FullImageInfo.storyboard; sourceTree = "<group>"; };
		8EBA5C7E267BA15E00941513 /* ImageEntity.swift */ = {isa = PBXFileReference; lastKnownFileType = sourcecode.swift; path = ImageEntity.swift; sourceTree = "<group>"; };
		8EBA5C80267BA18C00941513 /* ImageInfo.swift */ = {isa = PBXFileReference; lastKnownFileType = sourcecode.swift; path = ImageInfo.swift; sourceTree = "<group>"; };
		9206CE3D7715C6BB084FBA8A /* Pods-2ndGalleryApp.release.xcconfig */ = {isa = PBXFileReference; includeInIndex = 1; lastKnownFileType = text.xcconfig; name = "Pods-2ndGalleryApp.release.xcconfig"; path = "Target Support Files/Pods-2ndGalleryApp/Pods-2ndGalleryApp.release.xcconfig"; sourceTree = "<group>"; };
		9BC37D1F5DF6E728801FFD7C /* Pods-2ndGalleryApp.debug.xcconfig */ = {isa = PBXFileReference; includeInIndex = 1; lastKnownFileType = text.xcconfig; name = "Pods-2ndGalleryApp.debug.xcconfig"; path = "Target Support Files/Pods-2ndGalleryApp/Pods-2ndGalleryApp.debug.xcconfig"; sourceTree = "<group>"; };
		DCD156A0326881F7F1C2AB21 /* Pods_2ndGalleryApp.framework */ = {isa = PBXFileReference; explicitFileType = wrapper.framework; includeInIndex = 0; path = Pods_2ndGalleryApp.framework; sourceTree = BUILT_PRODUCTS_DIR; };
/* End PBXFileReference section */

/* Begin PBXFrameworksBuildPhase section */
		8E07296B267205A90071FF46 /* Frameworks */ = {
			isa = PBXFrameworksBuildPhase;
			buildActionMask = 2147483647;
			files = (
				3995B35BD97C6E0CE08D3768 /* Pods_2ndGalleryApp.framework in Frameworks */,
			);
			runOnlyForDeploymentPostprocessing = 0;
		};
/* End PBXFrameworksBuildPhase section */

/* Begin PBXGroup section */
		1927396C30BA5B890A1F5BFA /* Frameworks */ = {
			isa = PBXGroup;
			children = (
				DCD156A0326881F7F1C2AB21 /* Pods_2ndGalleryApp.framework */,
			);
			name = Frameworks;
			sourceTree = "<group>";
		};
		595EC36717DED05754E5053F /* Pods */ = {
			isa = PBXGroup;
			children = (
				9BC37D1F5DF6E728801FFD7C /* Pods-2ndGalleryApp.debug.xcconfig */,
				9206CE3D7715C6BB084FBA8A /* Pods-2ndGalleryApp.release.xcconfig */,
			);
			path = Pods;
			sourceTree = "<group>";
		};
		8E038F9D2678EE32000E56AC /* Gateway */ = {
			isa = PBXGroup;
			children = (
				8E038F9E2678EE6E000E56AC /* GalleryGateway.swift */,
			);
			path = Gateway;
			sourceTree = "<group>";
		};
		8E038FA4267A1FF2000E56AC /* FullImageInfo */ = {
			isa = PBXGroup;
			children = (
				8E038FA5267A2019000E56AC /* FullImageInfoViewController.swift */,
				8E038FA7267A2034000E56AC /* FullImageInfoPresenter.swift */,
				8EBA5C78267B9E3700941513 /* FullImageInfoConfigurator.swift */,
				8EBA5C7C267B9F5A00941513 /* FullImageInfo.storyboard */,
			);
			path = FullImageInfo;
			sourceTree = "<group>";
		};
		8E072965267205A90071FF46 = {
			isa = PBXGroup;
			children = (
				8E072970267205A90071FF46 /* 2ndGalleryApp */,
				8E07296F267205A90071FF46 /* Products */,
				595EC36717DED05754E5053F /* Pods */,
				1927396C30BA5B890A1F5BFA /* Frameworks */,
			);
			sourceTree = "<group>";
		};
		8E07296F267205A90071FF46 /* Products */ = {
			isa = PBXGroup;
			children = (
				8E07296E267205A90071FF46 /* 2ndGalleryApp.app */,
			);
			name = Products;
			sourceTree = "<group>";
		};
		8E072970267205A90071FF46 /* 2ndGalleryApp */ = {
			isa = PBXGroup;
			children = (
				8EBA5C75267B4F9D00941513 /* UseCases */,
				8E038F9D2678EE32000E56AC /* Gateway */,
				8E07299326721D430071FF46 /* Entities */,
				8E072989267207020071FF46 /* Entry */,
				8E07299E2672577B0071FF46 /* Gallery */,
				8E072982267205AA0071FF46 /* Info.plist */,
				8EAF7C48268477470048A936 /* Assets.xcassets */,
				8E072988267205BA0071FF46 /* SupportFiles */,
			);
			path = 2ndGalleryApp;
			sourceTree = "<group>";
		};
		8E072988267205BA0071FF46 /* SupportFiles */ = {
			isa = PBXGroup;
			children = (
				8E07297A267205A90071FF46 /* _ndGalleryApp.xcdatamodeld */,
				8E072973267205A90071FF46 /* SceneDelegate.swift */,
				8E072971267205A90071FF46 /* AppDelegate.swift */,
			);
			path = SupportFiles;
			sourceTree = "<group>";
		};
		8E072989267207020071FF46 /* Entry */ = {
			isa = PBXGroup;
			children = (
				8E07299026721C620071FF46 /* FirstEntryScreen */,
				8E07299226721CD50071FF46 /* SignIn */,
				8E07299126721CC30071FF46 /* SignUp */,
			);
			path = Entry;
			sourceTree = "<group>";
		};
		8E07299026721C620071FF46 /* FirstEntryScreen */ = {
			isa = PBXGroup;
			children = (
				8E072975267205A90071FF46 /* StartViewController.swift */,
				8E072977267205A90071FF46 /* Main.storyboard */,
				8E07297F267205AA0071FF46 /* LaunchScreen.storyboard */,
			);
			path = FirstEntryScreen;
			sourceTree = "<group>";
		};
		8E07299126721CC30071FF46 /* SignUp */ = {
			isa = PBXGroup;
			children = (
				8E07299426721D9A0071FF46 /* SignUp.storyboard */,
				8E07299C267255CC0071FF46 /* SignUpViewController.swift */,
			);
			path = SignUp;
			sourceTree = "<group>";
		};
		8E07299226721CD50071FF46 /* SignIn */ = {
			isa = PBXGroup;
			children = (
				8E07299626721DB10071FF46 /* SignIn.storyboard */,
				8E0729982672424C0071FF46 /* SignInViewController.swift */,
				8E07299A2672511A0071FF46 /* SignInPresenter.swift */,
			);
			path = SignIn;
			sourceTree = "<group>";
		};
		8E07299326721D430071FF46 /* Entities */ = {
			isa = PBXGroup;
			children = (
				8E0729B326725DD90071FF46 /* ImageEntities.swift */,
				8EBA5C7E267BA15E00941513 /* ImageEntity.swift */,
				8EBA5C80267BA18C00941513 /* ImageInfo.swift */,
			);
			path = Entities;
			sourceTree = "<group>";
		};
		8E07299E2672577B0071FF46 /* Gallery */ = {
			isa = PBXGroup;
			children = (
				8E07299F267257D90071FF46 /* MainGallery.storyboard */,
				8E0729A726725C010071FF46 /* MainGallery */,
				8E0729A826725C290071FF46 /* Add Photo */,
				8E0729A926725C450071FF46 /* Profile */,
			);
			path = Gallery;
			sourceTree = "<group>";
		};
		8E0729A726725C010071FF46 /* MainGallery */ = {
			isa = PBXGroup;
			children = (
				8E038FA02678F709000E56AC /* Statesments.swift */,
				8E0729A526725BD20071FF46 /* MainGalleryViewController.swift */,
				8EBA5C7A267B9E7D00941513 /* MainGalleryViewControllersExtensions.swift */,
				8E0729AA26725C7F0071FF46 /* MainGalleryPresenter.swift */,
				8E038FA2267A1645000E56AC /* MainGalleryConfigurator.swift */,
				8EBA5C73267A3F6F00941513 /* MainGalleryRouter.swift */,
				8E038FA4267A1FF2000E56AC /* FullImageInfo */,
				8E0729AE26725D440071FF46 /* MainGalleryCells */,
			);
			path = MainGallery;
			sourceTree = "<group>";
		};
		8E0729A826725C290071FF46 /* Add Photo */ = {
			isa = PBXGroup;
			children = (
				8E038F952673A32D000E56AC /* AddPhotoViewController.swift */,
			);
			path = "Add Photo";
			sourceTree = "<group>";
		};
		8E0729A926725C450071FF46 /* Profile */ = {
			isa = PBXGroup;
			children = (
				8E038F992673A37F000E56AC /* ProfileViewController.swift */,
			);
			path = Profile;
			sourceTree = "<group>";
		};
		8E0729AE26725D440071FF46 /* MainGalleryCells */ = {
			isa = PBXGroup;
			children = (
				8E0729AF26725D630071FF46 /* MainGalleryCollectionViewCell.swift */,
				8E0729B026725D630071FF46 /* MainGalleryCollectionViewCell.xib */,
			);
			path = MainGalleryCells;
			sourceTree = "<group>";
		};
		8EBA5C75267B4F9D00941513 /* UseCases */ = {
			isa = PBXGroup;
			children = (
				8EBA5C76267B4FB400941513 /* ActivityIndicatorUseCase.swift */,
			);
			path = UseCases;
			sourceTree = "<group>";
		};
/* End PBXGroup section */

/* Begin PBXNativeTarget section */
		8E07296D267205A90071FF46 /* 2ndGalleryApp */ = {
			isa = PBXNativeTarget;
			buildConfigurationList = 8E072985267205AA0071FF46 /* Build configuration list for PBXNativeTarget "2ndGalleryApp" */;
			buildPhases = (
				FB3ECAA18E646EF681921693 /* [CP] Check Pods Manifest.lock */,
				8E07296A267205A90071FF46 /* Sources */,
				8E07296B267205A90071FF46 /* Frameworks */,
				8E07296C267205A90071FF46 /* Resources */,
				76EC6725C10EEF6AEF4DFC2C /* [CP] Embed Pods Frameworks */,
			);
			buildRules = (
			);
			dependencies = (
			);
			name = 2ndGalleryApp;
			productName = 2ndGalleryApp;
			productReference = 8E07296E267205A90071FF46 /* 2ndGalleryApp.app */;
			productType = "com.apple.product-type.application";
		};
/* End PBXNativeTarget section */

/* Begin PBXProject section */
		8E072966267205A90071FF46 /* Project object */ = {
			isa = PBXProject;
			attributes = {
				LastSwiftUpdateCheck = 1250;
				LastUpgradeCheck = 1250;
				TargetAttributes = {
					8E07296D267205A90071FF46 = {
						CreatedOnToolsVersion = 12.5;
					};
				};
			};
			buildConfigurationList = 8E072969267205A90071FF46 /* Build configuration list for PBXProject "2ndGalleryApp" */;
			compatibilityVersion = "Xcode 9.3";
			developmentRegion = en;
			hasScannedForEncodings = 0;
			knownRegions = (
				en,
				Base,
			);
			mainGroup = 8E072965267205A90071FF46;
			productRefGroup = 8E07296F267205A90071FF46 /* Products */;
			projectDirPath = "";
			projectRoot = "";
			targets = (
				8E07296D267205A90071FF46 /* 2ndGalleryApp */,
			);
		};
/* End PBXProject section */

/* Begin PBXResourcesBuildPhase section */
		8E07296C267205A90071FF46 /* Resources */ = {
			isa = PBXResourcesBuildPhase;
			buildActionMask = 2147483647;
			files = (
				8E072981267205AA0071FF46 /* LaunchScreen.storyboard in Resources */,
				8EBA5C7D267B9F5A00941513 /* FullImageInfo.storyboard in Resources */,
				8E07299726721DB10071FF46 /* SignIn.storyboard in Resources */,
				8E0729A0267257D90071FF46 /* MainGallery.storyboard in Resources */,
				8E07299526721D9A0071FF46 /* SignUp.storyboard in Resources */,
				8E072979267205A90071FF46 /* Main.storyboard in Resources */,
				8EAF7C49268477470048A936 /* Assets.xcassets in Resources */,
				8E0729B226725D630071FF46 /* MainGalleryCollectionViewCell.xib in Resources */,
			);
			runOnlyForDeploymentPostprocessing = 0;
		};
/* End PBXResourcesBuildPhase section */

/* Begin PBXShellScriptBuildPhase section */
		76EC6725C10EEF6AEF4DFC2C /* [CP] Embed Pods Frameworks */ = {
			isa = PBXShellScriptBuildPhase;
			buildActionMask = 2147483647;
			files = (
			);
			inputFileListPaths = (
				"${PODS_ROOT}/Target Support Files/Pods-2ndGalleryApp/Pods-2ndGalleryApp-frameworks-${CONFIGURATION}-input-files.xcfilelist",
			);
			name = "[CP] Embed Pods Frameworks";
			outputFileListPaths = (
				"${PODS_ROOT}/Target Support Files/Pods-2ndGalleryApp/Pods-2ndGalleryApp-frameworks-${CONFIGURATION}-output-files.xcfilelist",
			);
			runOnlyForDeploymentPostprocessing = 0;
			shellPath = /bin/sh;
			shellScript = "\"${PODS_ROOT}/Target Support Files/Pods-2ndGalleryApp/Pods-2ndGalleryApp-frameworks.sh\"\n";
			showEnvVarsInLog = 0;
		};
		FB3ECAA18E646EF681921693 /* [CP] Check Pods Manifest.lock */ = {
			isa = PBXShellScriptBuildPhase;
			buildActionMask = 2147483647;
			files = (
			);
			inputFileListPaths = (
			);
			inputPaths = (
				"${PODS_PODFILE_DIR_PATH}/Podfile.lock",
				"${PODS_ROOT}/Manifest.lock",
			);
			name = "[CP] Check Pods Manifest.lock";
			outputFileListPaths = (
			);
			outputPaths = (
				"$(DERIVED_FILE_DIR)/Pods-2ndGalleryApp-checkManifestLockResult.txt",
			);
			runOnlyForDeploymentPostprocessing = 0;
			shellPath = /bin/sh;
			shellScript = "diff \"${PODS_PODFILE_DIR_PATH}/Podfile.lock\" \"${PODS_ROOT}/Manifest.lock\" > /dev/null\nif [ $? != 0 ] ; then\n    # print error to STDERR\n    echo \"error: The sandbox is not in sync with the Podfile.lock. Run 'pod install' or update your CocoaPods installation.\" >&2\n    exit 1\nfi\n# This output is used by Xcode 'outputs' to avoid re-running this script phase.\necho \"SUCCESS\" > \"${SCRIPT_OUTPUT_FILE_0}\"\n";
			showEnvVarsInLog = 0;
		};
/* End PBXShellScriptBuildPhase section */

/* Begin PBXSourcesBuildPhase section */
		8E07296A267205A90071FF46 /* Sources */ = {
			isa = PBXSourcesBuildPhase;
			buildActionMask = 2147483647;
			files = (
				8E038FA3267A1645000E56AC /* MainGalleryConfigurator.swift in Sources */,
				8E038FA8267A2034000E56AC /* FullImageInfoPresenter.swift in Sources */,
				8E038F962673A32D000E56AC /* AddPhotoViewController.swift in Sources */,
				8E07297C267205A90071FF46 /* _ndGalleryApp.xcdatamodeld in Sources */,
				8E038F9F2678EE6E000E56AC /* GalleryGateway.swift in Sources */,
				8E0729A626725BD20071FF46 /* MainGalleryViewController.swift in Sources */,
				8E0729AB26725C7F0071FF46 /* MainGalleryPresenter.swift in Sources */,
				8E038FA12678F709000E56AC /* Statesments.swift in Sources */,
				8E038F9A2673A37F000E56AC /* ProfileViewController.swift in Sources */,
				8EBA5C81267BA18C00941513 /* ImageInfo.swift in Sources */,
				8E07299D267255CC0071FF46 /* SignUpViewController.swift in Sources */,
				8EBA5C79267B9E3700941513 /* FullImageInfoConfigurator.swift in Sources */,
				8E0729992672424C0071FF46 /* SignInViewController.swift in Sources */,
				8EBA5C7B267B9E7D00941513 /* MainGalleryViewControllersExtensions.swift in Sources */,
				8E038FA6267A2019000E56AC /* FullImageInfoViewController.swift in Sources */,
				8EBA5C7F267BA15E00941513 /* ImageEntity.swift in Sources */,
				8EBA5C77267B4FB400941513 /* ActivityIndicatorUseCase.swift in Sources */,
				8E0729B426725DD90071FF46 /* ImageEntities.swift in Sources */,
				8E072976267205A90071FF46 /* StartViewController.swift in Sources */,
				8E07299B2672511A0071FF46 /* SignInPresenter.swift in Sources */,
				8E072972267205A90071FF46 /* AppDelegate.swift in Sources */,
				8E0729B126725D630071FF46 /* MainGalleryCollectionViewCell.swift in Sources */,
				8EBA5C74267A3F6F00941513 /* MainGalleryRouter.swift in Sources */,
				8E072974267205A90071FF46 /* SceneDelegate.swift in Sources */,
			);
			runOnlyForDeploymentPostprocessing = 0;
		};
/* End PBXSourcesBuildPhase section */

/* Begin PBXVariantGroup section */
		8E072977267205A90071FF46 /* Main.storyboard */ = {
			isa = PBXVariantGroup;
			children = (
				8E072978267205A90071FF46 /* Base */,
			);
			name = Main.storyboard;
			sourceTree = "<group>";
		};
		8E07297F267205AA0071FF46 /* LaunchScreen.storyboard */ = {
			isa = PBXVariantGroup;
			children = (
				8E072980267205AA0071FF46 /* Base */,
			);
			name = LaunchScreen.storyboard;
			sourceTree = "<group>";
		};
/* End PBXVariantGroup section */

/* Begin XCBuildConfiguration section */
		8E072983267205AA0071FF46 /* Debug */ = {
			isa = XCBuildConfiguration;
			buildSettings = {
				ALWAYS_SEARCH_USER_PATHS = NO;
				CLANG_ANALYZER_NONNULL = YES;
				CLANG_ANALYZER_NUMBER_OBJECT_CONVERSION = YES_AGGRESSIVE;
				CLANG_CXX_LANGUAGE_STANDARD = "gnu++14";
				CLANG_CXX_LIBRARY = "libc++";
				CLANG_ENABLE_MODULES = YES;
				CLANG_ENABLE_OBJC_ARC = YES;
				CLANG_ENABLE_OBJC_WEAK = YES;
				CLANG_WARN_BLOCK_CAPTURE_AUTORELEASING = YES;
				CLANG_WARN_BOOL_CONVERSION = YES;
				CLANG_WARN_COMMA = YES;
				CLANG_WARN_CONSTANT_CONVERSION = YES;
				CLANG_WARN_DEPRECATED_OBJC_IMPLEMENTATIONS = YES;
				CLANG_WARN_DIRECT_OBJC_ISA_USAGE = YES_ERROR;
				CLANG_WARN_DOCUMENTATION_COMMENTS = YES;
				CLANG_WARN_EMPTY_BODY = YES;
				CLANG_WARN_ENUM_CONVERSION = YES;
				CLANG_WARN_INFINITE_RECURSION = YES;
				CLANG_WARN_INT_CONVERSION = YES;
				CLANG_WARN_NON_LITERAL_NULL_CONVERSION = YES;
				CLANG_WARN_OBJC_IMPLICIT_RETAIN_SELF = YES;
				CLANG_WARN_OBJC_LITERAL_CONVERSION = YES;
				CLANG_WARN_OBJC_ROOT_CLASS = YES_ERROR;
				CLANG_WARN_QUOTED_INCLUDE_IN_FRAMEWORK_HEADER = YES;
				CLANG_WARN_RANGE_LOOP_ANALYSIS = YES;
				CLANG_WARN_STRICT_PROTOTYPES = YES;
				CLANG_WARN_SUSPICIOUS_MOVE = YES;
				CLANG_WARN_UNGUARDED_AVAILABILITY = YES_AGGRESSIVE;
				CLANG_WARN_UNREACHABLE_CODE = YES;
				CLANG_WARN__DUPLICATE_METHOD_MATCH = YES;
				COPY_PHASE_STRIP = NO;
				DEBUG_INFORMATION_FORMAT = dwarf;
				ENABLE_STRICT_OBJC_MSGSEND = YES;
				ENABLE_TESTABILITY = YES;
				GCC_C_LANGUAGE_STANDARD = gnu11;
				GCC_DYNAMIC_NO_PIC = NO;
				GCC_NO_COMMON_BLOCKS = YES;
				GCC_OPTIMIZATION_LEVEL = 0;
				GCC_PREPROCESSOR_DEFINITIONS = (
					"DEBUG=1",
					"$(inherited)",
				);
				GCC_WARN_64_TO_32_BIT_CONVERSION = YES;
				GCC_WARN_ABOUT_RETURN_TYPE = YES_ERROR;
				GCC_WARN_UNDECLARED_SELECTOR = YES;
				GCC_WARN_UNINITIALIZED_AUTOS = YES_AGGRESSIVE;
				GCC_WARN_UNUSED_FUNCTION = YES;
				GCC_WARN_UNUSED_VARIABLE = YES;
				IPHONEOS_DEPLOYMENT_TARGET = 14.5;
				MTL_ENABLE_DEBUG_INFO = INCLUDE_SOURCE;
				MTL_FAST_MATH = YES;
				ONLY_ACTIVE_ARCH = YES;
				SDKROOT = iphoneos;
				SWIFT_ACTIVE_COMPILATION_CONDITIONS = DEBUG;
				SWIFT_OPTIMIZATION_LEVEL = "-Onone";
			};
			name = Debug;
		};
		8E072984267205AA0071FF46 /* Release */ = {
			isa = XCBuildConfiguration;
			buildSettings = {
				ALWAYS_SEARCH_USER_PATHS = NO;
				CLANG_ANALYZER_NONNULL = YES;
				CLANG_ANALYZER_NUMBER_OBJECT_CONVERSION = YES_AGGRESSIVE;
				CLANG_CXX_LANGUAGE_STANDARD = "gnu++14";
				CLANG_CXX_LIBRARY = "libc++";
				CLANG_ENABLE_MODULES = YES;
				CLANG_ENABLE_OBJC_ARC = YES;
				CLANG_ENABLE_OBJC_WEAK = YES;
				CLANG_WARN_BLOCK_CAPTURE_AUTORELEASING = YES;
				CLANG_WARN_BOOL_CONVERSION = YES;
				CLANG_WARN_COMMA = YES;
				CLANG_WARN_CONSTANT_CONVERSION = YES;
				CLANG_WARN_DEPRECATED_OBJC_IMPLEMENTATIONS = YES;
				CLANG_WARN_DIRECT_OBJC_ISA_USAGE = YES_ERROR;
				CLANG_WARN_DOCUMENTATION_COMMENTS = YES;
				CLANG_WARN_EMPTY_BODY = YES;
				CLANG_WARN_ENUM_CONVERSION = YES;
				CLANG_WARN_INFINITE_RECURSION = YES;
				CLANG_WARN_INT_CONVERSION = YES;
				CLANG_WARN_NON_LITERAL_NULL_CONVERSION = YES;
				CLANG_WARN_OBJC_IMPLICIT_RETAIN_SELF = YES;
				CLANG_WARN_OBJC_LITERAL_CONVERSION = YES;
				CLANG_WARN_OBJC_ROOT_CLASS = YES_ERROR;
				CLANG_WARN_QUOTED_INCLUDE_IN_FRAMEWORK_HEADER = YES;
				CLANG_WARN_RANGE_LOOP_ANALYSIS = YES;
				CLANG_WARN_STRICT_PROTOTYPES = YES;
				CLANG_WARN_SUSPICIOUS_MOVE = YES;
				CLANG_WARN_UNGUARDED_AVAILABILITY = YES_AGGRESSIVE;
				CLANG_WARN_UNREACHABLE_CODE = YES;
				CLANG_WARN__DUPLICATE_METHOD_MATCH = YES;
				COPY_PHASE_STRIP = NO;
				DEBUG_INFORMATION_FORMAT = "dwarf-with-dsym";
				ENABLE_NS_ASSERTIONS = NO;
				ENABLE_STRICT_OBJC_MSGSEND = YES;
				GCC_C_LANGUAGE_STANDARD = gnu11;
				GCC_NO_COMMON_BLOCKS = YES;
				GCC_WARN_64_TO_32_BIT_CONVERSION = YES;
				GCC_WARN_ABOUT_RETURN_TYPE = YES_ERROR;
				GCC_WARN_UNDECLARED_SELECTOR = YES;
				GCC_WARN_UNINITIALIZED_AUTOS = YES_AGGRESSIVE;
				GCC_WARN_UNUSED_FUNCTION = YES;
				GCC_WARN_UNUSED_VARIABLE = YES;
				IPHONEOS_DEPLOYMENT_TARGET = 14.5;
				MTL_ENABLE_DEBUG_INFO = NO;
				MTL_FAST_MATH = YES;
				SDKROOT = iphoneos;
				SWIFT_COMPILATION_MODE = wholemodule;
				SWIFT_OPTIMIZATION_LEVEL = "-O";
				VALIDATE_PRODUCT = YES;
			};
			name = Release;
		};
		8E072986267205AA0071FF46 /* Debug */ = {
			isa = XCBuildConfiguration;
			baseConfigurationReference = 9BC37D1F5DF6E728801FFD7C /* Pods-2ndGalleryApp.debug.xcconfig */;
			buildSettings = {
				ASSETCATALOG_COMPILER_APPICON_NAME = AppIcon;
				ASSETCATALOG_COMPILER_GLOBAL_ACCENT_COLOR_NAME = AccentColor;
				CODE_SIGN_STYLE = Automatic;
				DEVELOPMENT_TEAM = 4KFJNQ2Z7A;
				INFOPLIST_FILE = 2ndGalleryApp/Info.plist;
				LD_RUNPATH_SEARCH_PATHS = (
					"$(inherited)",
					"@executable_path/Frameworks",
				);
				PRODUCT_BUNDLE_IDENTIFIER = "kostukdevelops.-ndGalleryApp";
				PRODUCT_NAME = "$(TARGET_NAME)";
				SWIFT_VERSION = 5.0;
				TARGETED_DEVICE_FAMILY = "1,2";
			};
			name = Debug;
		};
		8E072987267205AA0071FF46 /* Release */ = {
			isa = XCBuildConfiguration;
			baseConfigurationReference = 9206CE3D7715C6BB084FBA8A /* Pods-2ndGalleryApp.release.xcconfig */;
			buildSettings = {
				ASSETCATALOG_COMPILER_APPICON_NAME = AppIcon;
				ASSETCATALOG_COMPILER_GLOBAL_ACCENT_COLOR_NAME = AccentColor;
				CODE_SIGN_STYLE = Automatic;
				DEVELOPMENT_TEAM = 4KFJNQ2Z7A;
				INFOPLIST_FILE = 2ndGalleryApp/Info.plist;
				LD_RUNPATH_SEARCH_PATHS = (
					"$(inherited)",
					"@executable_path/Frameworks",
				);
				PRODUCT_BUNDLE_IDENTIFIER = "kostukdevelops.-ndGalleryApp";
				PRODUCT_NAME = "$(TARGET_NAME)";
				SWIFT_VERSION = 5.0;
				TARGETED_DEVICE_FAMILY = "1,2";
			};
			name = Release;
		};
/* End XCBuildConfiguration section */

/* Begin XCConfigurationList section */
		8E072969267205A90071FF46 /* Build configuration list for PBXProject "2ndGalleryApp" */ = {
			isa = XCConfigurationList;
			buildConfigurations = (
				8E072983267205AA0071FF46 /* Debug */,
				8E072984267205AA0071FF46 /* Release */,
			);
			defaultConfigurationIsVisible = 0;
			defaultConfigurationName = Release;
		};
		8E072985267205AA0071FF46 /* Build configuration list for PBXNativeTarget "2ndGalleryApp" */ = {
			isa = XCConfigurationList;
			buildConfigurations = (
				8E072986267205AA0071FF46 /* Debug */,
				8E072987267205AA0071FF46 /* Release */,
			);
			defaultConfigurationIsVisible = 0;
			defaultConfigurationName = Release;
		};
/* End XCConfigurationList section */

/* Begin XCVersionGroup section */
		8E07297A267205A90071FF46 /* _ndGalleryApp.xcdatamodeld */ = {
			isa = XCVersionGroup;
			children = (
				8E07297B267205A90071FF46 /* _ndGalleryApp.xcdatamodel */,
			);
			currentVersion = 8E07297B267205A90071FF46 /* _ndGalleryApp.xcdatamodel */;
			path = _ndGalleryApp.xcdatamodeld;
			sourceTree = "<group>";
			versionGroupType = wrapper.xcdatamodel;
		};
/* End XCVersionGroup section */
	};
	rootObject = 8E072966267205A90071FF46 /* Project object */;
}
